// !$*UTF8*$!
{
	archiveVersion = 1;
	classes = {
	};
	objectVersion = 46;
	objects = {

/* Begin PBXBuildFile section */
		B8FFB1B7193AE78200DAD01B /* Foundation.framework in Frameworks */ = {isa = PBXBuildFile; fileRef = B8FFB1B6193AE78200DAD01B /* Foundation.framework */; };
		B8FFB1B9193AE78200DAD01B /* CoreGraphics.framework in Frameworks */ = {isa = PBXBuildFile; fileRef = B8FFB1B8193AE78200DAD01B /* CoreGraphics.framework */; };
		B8FFB1BB193AE78200DAD01B /* UIKit.framework in Frameworks */ = {isa = PBXBuildFile; fileRef = B8FFB1BA193AE78200DAD01B /* UIKit.framework */; };
		B8FFB1C1193AE78200DAD01B /* InfoPlist.strings in Resources */ = {isa = PBXBuildFile; fileRef = B8FFB1BF193AE78200DAD01B /* InfoPlist.strings */; };
		B8FFB1C3193AE78200DAD01B /* main.m in Sources */ = {isa = PBXBuildFile; fileRef = B8FFB1C2193AE78200DAD01B /* main.m */; };
		B8FFB1C7193AE78200DAD01B /* AppDelegate.m in Sources */ = {isa = PBXBuildFile; fileRef = B8FFB1C6193AE78200DAD01B /* AppDelegate.m */; };
		B8FFB1CA193AE78200DAD01B /* Main.storyboard in Resources */ = {isa = PBXBuildFile; fileRef = B8FFB1C8193AE78200DAD01B /* Main.storyboard */; };
		B8FFB1CD193AE78200DAD01B /* FirstViewController.m in Sources */ = {isa = PBXBuildFile; fileRef = B8FFB1CC193AE78200DAD01B /* FirstViewController.m */; };
		B8FFB1D0193AE78200DAD01B /* SecondViewController.m in Sources */ = {isa = PBXBuildFile; fileRef = B8FFB1CF193AE78200DAD01B /* SecondViewController.m */; };
		B8FFB1D2193AE78200DAD01B /* Images.xcassets in Resources */ = {isa = PBXBuildFile; fileRef = B8FFB1D1193AE78200DAD01B /* Images.xcassets */; };
		B8FFB1D9193AE78200DAD01B /* XCTest.framework in Frameworks */ = {isa = PBXBuildFile; fileRef = B8FFB1D8193AE78200DAD01B /* XCTest.framework */; };
		B8FFB1DA193AE78200DAD01B /* Foundation.framework in Frameworks */ = {isa = PBXBuildFile; fileRef = B8FFB1B6193AE78200DAD01B /* Foundation.framework */; };
		B8FFB1DB193AE78200DAD01B /* UIKit.framework in Frameworks */ = {isa = PBXBuildFile; fileRef = B8FFB1BA193AE78200DAD01B /* UIKit.framework */; };
		B8FFB1E3193AE78200DAD01B /* InfoPlist.strings in Resources */ = {isa = PBXBuildFile; fileRef = B8FFB1E1193AE78200DAD01B /* InfoPlist.strings */; };
		B8FFB1E5193AE78200DAD01B /* Happ_viewChange_test2Tests.m in Sources */ = {isa = PBXBuildFile; fileRef = B8FFB1E4193AE78200DAD01B /* Happ_viewChange_test2Tests.m */; };
		B8FFB1F0193AEB3400DAD01B /* myViewController.m in Sources */ = {isa = PBXBuildFile; fileRef = B8FFB1EF193AEB3400DAD01B /* myViewController.m */; };
/* End PBXBuildFile section */

/* Begin PBXContainerItemProxy section */
		B8FFB1DC193AE78200DAD01B /* PBXContainerItemProxy */ = {
			isa = PBXContainerItemProxy;
			containerPortal = B8FFB1AB193AE78200DAD01B /* Project object */;
			proxyType = 1;
			remoteGlobalIDString = B8FFB1B2193AE78200DAD01B;
			remoteInfo = Happ_viewChange_test2;
		};
/* End PBXContainerItemProxy section */

/* Begin PBXFileReference section */
		B8FFB1B3193AE78200DAD01B /* Happ_viewChange_test2.app */ = {isa = PBXFileReference; explicitFileType = wrapper.application; includeInIndex = 0; path = Happ_viewChange_test2.app; sourceTree = BUILT_PRODUCTS_DIR; };
		B8FFB1B6193AE78200DAD01B /* Foundation.framework */ = {isa = PBXFileReference; lastKnownFileType = wrapper.framework; name = Foundation.framework; path = System/Library/Frameworks/Foundation.framework; sourceTree = SDKROOT; };
		B8FFB1B8193AE78200DAD01B /* CoreGraphics.framework */ = {isa = PBXFileReference; lastKnownFileType = wrapper.framework; name = CoreGraphics.framework; path = System/Library/Frameworks/CoreGraphics.framework; sourceTree = SDKROOT; };
		B8FFB1BA193AE78200DAD01B /* UIKit.framework */ = {isa = PBXFileReference; lastKnownFileType = wrapper.framework; name = UIKit.framework; path = System/Library/Frameworks/UIKit.framework; sourceTree = SDKROOT; };
		B8FFB1BE193AE78200DAD01B /* Happ_viewChange_test2-Info.plist */ = {isa = PBXFileReference; lastKnownFileType = text.plist.xml; path = "Happ_viewChange_test2-Info.plist"; sourceTree = "<group>"; };
		B8FFB1C0193AE78200DAD01B /* en */ = {isa = PBXFileReference; lastKnownFileType = text.plist.strings; name = en; path = en.lproj/InfoPlist.strings; sourceTree = "<group>"; };
		B8FFB1C2193AE78200DAD01B /* main.m */ = {isa = PBXFileReference; lastKnownFileType = sourcecode.c.objc; path = main.m; sourceTree = "<group>"; };
		B8FFB1C4193AE78200DAD01B /* Happ_viewChange_test2-Prefix.pch */ = {isa = PBXFileReference; lastKnownFileType = sourcecode.c.h; path = "Happ_viewChange_test2-Prefix.pch"; sourceTree = "<group>"; };
		B8FFB1C5193AE78200DAD01B /* AppDelegate.h */ = {isa = PBXFileReference; lastKnownFileType = sourcecode.c.h; path = AppDelegate.h; sourceTree = "<group>"; };
		B8FFB1C6193AE78200DAD01B /* AppDelegate.m */ = {isa = PBXFileReference; lastKnownFileType = sourcecode.c.objc; path = AppDelegate.m; sourceTree = "<group>"; };
		B8FFB1C9193AE78200DAD01B /* Base */ = {isa = PBXFileReference; lastKnownFileType = file.storyboard; name = Base; path = Base.lproj/Main.storyboard; sourceTree = "<group>"; };
		B8FFB1CB193AE78200DAD01B /* FirstViewController.h */ = {isa = PBXFileReference; lastKnownFileType = sourcecode.c.h; path = FirstViewController.h; sourceTree = "<group>"; };
		B8FFB1CC193AE78200DAD01B /* FirstViewController.m */ = {isa = PBXFileReference; lastKnownFileType = sourcecode.c.objc; path = FirstViewController.m; sourceTree = "<group>"; };
		B8FFB1CE193AE78200DAD01B /* SecondViewController.h */ = {isa = PBXFileReference; lastKnownFileType = sourcecode.c.h; path = SecondViewController.h; sourceTree = "<group>"; };
		B8FFB1CF193AE78200DAD01B /* SecondViewController.m */ = {isa = PBXFileReference; lastKnownFileType = sourcecode.c.objc; path = SecondViewController.m; sourceTree = "<group>"; };
		B8FFB1D1193AE78200DAD01B /* Images.xcassets */ = {isa = PBXFileReference; lastKnownFileType = folder.assetcatalog; path = Images.xcassets; sourceTree = "<group>"; };
		B8FFB1D7193AE78200DAD01B /* Happ_viewChange_test2Tests.xctest */ = {isa = PBXFileReference; explicitFileType = wrapper.cfbundle; includeInIndex = 0; path = Happ_viewChange_test2Tests.xctest; sourceTree = BUILT_PRODUCTS_DIR; };
		B8FFB1D8193AE78200DAD01B /* XCTest.framework */ = {isa = PBXFileReference; lastKnownFileType = wrapper.framework; name = XCTest.framework; path = Library/Frameworks/XCTest.framework; sourceTree = DEVELOPER_DIR; };
		B8FFB1E0193AE78200DAD01B /* Happ_viewChange_test2Tests-Info.plist */ = {isa = PBXFileReference; lastKnownFileType = text.plist.xml; path = "Happ_viewChange_test2Tests-Info.plist"; sourceTree = "<group>"; };
		B8FFB1E2193AE78200DAD01B /* en */ = {isa = PBXFileReference; lastKnownFileType = text.plist.strings; name = en; path = en.lproj/InfoPlist.strings; sourceTree = "<group>"; };
		B8FFB1E4193AE78200DAD01B /* Happ_viewChange_test2Tests.m */ = {isa = PBXFileReference; lastKnownFileType = sourcecode.c.objc; path = Happ_viewChange_test2Tests.m; sourceTree = "<group>"; };
		B8FFB1EE193AEB3400DAD01B /* myViewController.h */ = {isa = PBXFileReference; fileEncoding = 4; lastKnownFileType = sourcecode.c.h; path = myViewController.h; sourceTree = "<group>"; };
		B8FFB1EF193AEB3400DAD01B /* myViewController.m */ = {isa = PBXFileReference; fileEncoding = 4; lastKnownFileType = sourcecode.c.objc; path = myViewController.m; sourceTree = "<group>"; };
/* End PBXFileReference section */

/* Begin PBXFrameworksBuildPhase section */
		B8FFB1B0193AE78200DAD01B /* Frameworks */ = {
			isa = PBXFrameworksBuildPhase;
			buildActionMask = 2147483647;
			files = (
				B8FFB1B9193AE78200DAD01B /* CoreGraphics.framework in Frameworks */,
				B8FFB1BB193AE78200DAD01B /* UIKit.framework in Frameworks */,
				B8FFB1B7193AE78200DAD01B /* Foundation.framework in Frameworks */,
			);
			runOnlyForDeploymentPostprocessing = 0;
		};
		B8FFB1D4193AE78200DAD01B /* Frameworks */ = {
			isa = PBXFrameworksBuildPhase;
			buildActionMask = 2147483647;
			files = (
				B8FFB1D9193AE78200DAD01B /* XCTest.framework in Frameworks */,
				B8FFB1DB193AE78200DAD01B /* UIKit.framework in Frameworks */,
				B8FFB1DA193AE78200DAD01B /* Foundation.framework in Frameworks */,
			);
			runOnlyForDeploymentPostprocessing = 0;
		};
/* End PBXFrameworksBuildPhase section */

/* Begin PBXGroup section */
		B8FFB1AA193AE78200DAD01B = {
			isa = PBXGroup;
			children = (
				B8FFB1BC193AE78200DAD01B /* Happ_viewChange_test2 */,
				B8FFB1DE193AE78200DAD01B /* Happ_viewChange_test2Tests */,
				B8FFB1B5193AE78200DAD01B /* Frameworks */,
				B8FFB1B4193AE78200DAD01B /* Products */,
			);
			sourceTree = "<group>";
		};
		B8FFB1B4193AE78200DAD01B /* Products */ = {
			isa = PBXGroup;
			children = (
				B8FFB1B3193AE78200DAD01B /* Happ_viewChange_test2.app */,
				B8FFB1D7193AE78200DAD01B /* Happ_viewChange_test2Tests.xctest */,
			);
			name = Products;
			sourceTree = "<group>";
		};
		B8FFB1B5193AE78200DAD01B /* Frameworks */ = {
			isa = PBXGroup;
			children = (
				B8FFB1B6193AE78200DAD01B /* Foundation.framework */,
				B8FFB1B8193AE78200DAD01B /* CoreGraphics.framework */,
				B8FFB1BA193AE78200DAD01B /* UIKit.framework */,
				B8FFB1D8193AE78200DAD01B /* XCTest.framework */,
			);
			name = Frameworks;
			sourceTree = "<group>";
		};
		B8FFB1BC193AE78200DAD01B /* Happ_viewChange_test2 */ = {
			isa = PBXGroup;
			children = (
				B8FFB1C5193AE78200DAD01B /* AppDelegate.h */,
				B8FFB1C6193AE78200DAD01B /* AppDelegate.m */,
				B8FFB1C8193AE78200DAD01B /* Main.storyboard */,
				B8FFB1EE193AEB3400DAD01B /* myViewController.h */,
				B8FFB1EF193AEB3400DAD01B /* myViewController.m */,
				B8FFB1CB193AE78200DAD01B /* FirstViewController.h */,
				B8FFB1CC193AE78200DAD01B /* FirstViewController.m */,
				B8FFB1CE193AE78200DAD01B /* SecondViewController.h */,
				B8FFB1CF193AE78200DAD01B /* SecondViewController.m */,
				B8FFB1D1193AE78200DAD01B /* Images.xcassets */,
				B8FFB1BD193AE78200DAD01B /* Supporting Files */,
			);
			path = Happ_viewChange_test2;
			sourceTree = "<group>";
		};
		B8FFB1BD193AE78200DAD01B /* Supporting Files */ = {
			isa = PBXGroup;
			children = (
				B8FFB1BE193AE78200DAD01B /* Happ_viewChange_test2-Info.plist */,
				B8FFB1BF193AE78200DAD01B /* InfoPlist.strings */,
				B8FFB1C2193AE78200DAD01B /* main.m */,
				B8FFB1C4193AE78200DAD01B /* Happ_viewChange_test2-Prefix.pch */,
			);
			name = "Supporting Files";
			sourceTree = "<group>";
		};
		B8FFB1DE193AE78200DAD01B /* Happ_viewChange_test2Tests */ = {
			isa = PBXGroup;
			children = (
				B8FFB1E4193AE78200DAD01B /* Happ_viewChange_test2Tests.m */,
				B8FFB1DF193AE78200DAD01B /* Supporting Files */,
			);
			path = Happ_viewChange_test2Tests;
			sourceTree = "<group>";
		};
		B8FFB1DF193AE78200DAD01B /* Supporting Files */ = {
			isa = PBXGroup;
			children = (
				B8FFB1E0193AE78200DAD01B /* Happ_viewChange_test2Tests-Info.plist */,
				B8FFB1E1193AE78200DAD01B /* InfoPlist.strings */,
			);
			name = "Supporting Files";
			sourceTree = "<group>";
		};
/* End PBXGroup section */

/* Begin PBXNativeTarget section */
		B8FFB1B2193AE78200DAD01B /* Happ_viewChange_test2 */ = {
			isa = PBXNativeTarget;
			buildConfigurationList = B8FFB1E8193AE78200DAD01B /* Build configuration list for PBXNativeTarget "Happ_viewChange_test2" */;
			buildPhases = (
				B8FFB1AF193AE78200DAD01B /* Sources */,
				B8FFB1B0193AE78200DAD01B /* Frameworks */,
				B8FFB1B1193AE78200DAD01B /* Resources */,
			);
			buildRules = (
			);
			dependencies = (
			);
			name = Happ_viewChange_test2;
			productName = Happ_viewChange_test2;
			productReference = B8FFB1B3193AE78200DAD01B /* Happ_viewChange_test2.app */;
			productType = "com.apple.product-type.application";
		};
		B8FFB1D6193AE78200DAD01B /* Happ_viewChange_test2Tests */ = {
			isa = PBXNativeTarget;
			buildConfigurationList = B8FFB1EB193AE78200DAD01B /* Build configuration list for PBXNativeTarget "Happ_viewChange_test2Tests" */;
			buildPhases = (
				B8FFB1D3193AE78200DAD01B /* Sources */,
				B8FFB1D4193AE78200DAD01B /* Frameworks */,
				B8FFB1D5193AE78200DAD01B /* Resources */,
			);
			buildRules = (
			);
			dependencies = (
				B8FFB1DD193AE78200DAD01B /* PBXTargetDependency */,
			);
			name = Happ_viewChange_test2Tests;
			productName = Happ_viewChange_test2Tests;
			productReference = B8FFB1D7193AE78200DAD01B /* Happ_viewChange_test2Tests.xctest */;
			productType = "com.apple.product-type.bundle.unit-test";
		};
/* End PBXNativeTarget section */

/* Begin PBXProject section */
		B8FFB1AB193AE78200DAD01B /* Project object */ = {
			isa = PBXProject;
			attributes = {
				LastUpgradeCheck = 0500;
				ORGANIZATIONNAME = tkm03;
				TargetAttributes = {
					B8FFB1D6193AE78200DAD01B = {
						TestTargetID = B8FFB1B2193AE78200DAD01B;
					};
				};
			};
			buildConfigurationList = B8FFB1AE193AE78200DAD01B /* Build configuration list for PBXProject "Happ_viewChange_test2" */;
			compatibilityVersion = "Xcode 3.2";
			developmentRegion = English;
			hasScannedForEncodings = 0;
			knownRegions = (
				en,
				Base,
			);
			mainGroup = B8FFB1AA193AE78200DAD01B;
			productRefGroup = B8FFB1B4193AE78200DAD01B /* Products */;
			projectDirPath = "";
			projectRoot = "";
			targets = (
				B8FFB1B2193AE78200DAD01B /* Happ_viewChange_test2 */,
				B8FFB1D6193AE78200DAD01B /* Happ_viewChange_test2Tests */,
			);
		};
/* End PBXProject section */

/* Begin PBXResourcesBuildPhase section */
		B8FFB1B1193AE78200DAD01B /* Resources */ = {
			isa = PBXResourcesBuildPhase;
			buildActionMask = 2147483647;
			files = (
				B8FFB1D2193AE78200DAD01B /* Images.xcassets in Resources */,
				B8FFB1C1193AE78200DAD01B /* InfoPlist.strings in Resources */,
				B8FFB1CA193AE78200DAD01B /* Main.storyboard in Resources */,
			);
			runOnlyForDeploymentPostprocessing = 0;
		};
		B8FFB1D5193AE78200DAD01B /* Resources */ = {
			isa = PBXResourcesBuildPhase;
			buildActionMask = 2147483647;
			files = (
				B8FFB1E3193AE78200DAD01B /* InfoPlist.strings in Resources */,
			);
			runOnlyForDeploymentPostprocessing = 0;
		};
/* End PBXResourcesBuildPhase section */

/* Begin PBXSourcesBuildPhase section */
		B8FFB1AF193AE78200DAD01B /* Sources */ = {
			isa = PBXSourcesBuildPhase;
			buildActionMask = 2147483647;
			files = (
				B8FFB1D0193AE78200DAD01B /* SecondViewController.m in Sources */,
				B8FFB1C7193AE78200DAD01B /* AppDelegate.m in Sources */,
				B8FFB1CD193AE78200DAD01B /* FirstViewController.m in Sources */,
				B8FFB1C3193AE78200DAD01B /* main.m in Sources */,
				B8FFB1F0193AEB3400DAD01B /* myViewController.m in Sources */,
			);
			runOnlyForDeploymentPostprocessing = 0;
		};
		B8FFB1D3193AE78200DAD01B /* Sources */ = {
			isa = PBXSourcesBuildPhase;
			buildActionMask = 2147483647;
			files = (
				B8FFB1E5193AE78200DAD01B /* Happ_viewChange_test2Tests.m in Sources */,
			);
			runOnlyForDeploymentPostprocessing = 0;
		};
/* End PBXSourcesBuildPhase section */

/* Begin PBXTargetDependency section */
		B8FFB1DD193AE78200DAD01B /* PBXTargetDependency */ = {
			isa = PBXTargetDependency;
			target = B8FFB1B2193AE78200DAD01B /* Happ_viewChange_test2 */;
			targetProxy = B8FFB1DC193AE78200DAD01B /* PBXContainerItemProxy */;
		};
/* End PBXTargetDependency section */

/* Begin PBXVariantGroup section */
		B8FFB1BF193AE78200DAD01B /* InfoPlist.strings */ = {
			isa = PBXVariantGroup;
			children = (
				B8FFB1C0193AE78200DAD01B /* en */,
			);
			name = InfoPlist.strings;
			sourceTree = "<group>";
		};
		B8FFB1C8193AE78200DAD01B /* Main.storyboard */ = {
			isa = PBXVariantGroup;
			children = (
				B8FFB1C9193AE78200DAD01B /* Base */,
			);
			name = Main.storyboard;
			sourceTree = "<group>";
		};
		B8FFB1E1193AE78200DAD01B /* InfoPlist.strings */ = {
			isa = PBXVariantGroup;
			children = (
				B8FFB1E2193AE78200DAD01B /* en */,
			);
			name = InfoPlist.strings;
			sourceTree = "<group>";
		};
/* End PBXVariantGroup section */

/* Begin XCBuildConfiguration section */
		B8FFB1E6193AE78200DAD01B /* Debug */ = {
			isa = XCBuildConfiguration;
			buildSettings = {
				ALWAYS_SEARCH_USER_PATHS = NO;
				ARCHS = "$(ARCHS_STANDARD_INCLUDING_64_BIT)";
				CLANG_CXX_LANGUAGE_STANDARD = "gnu++0x";
				CLANG_CXX_LIBRARY = "libc++";
				CLANG_ENABLE_MODULES = YES;
				CLANG_ENABLE_OBJC_ARC = YES;
				CLANG_WARN_BOOL_CONVERSION = YES;
				CLANG_WARN_CONSTANT_CONVERSION = YES;
				CLANG_WARN_DIRECT_OBJC_ISA_USAGE = YES_ERROR;
				CLANG_WARN_EMPTY_BODY = YES;
				CLANG_WARN_ENUM_CONVERSION = YES;
				CLANG_WARN_INT_CONVERSION = YES;
				CLANG_WARN_OBJC_ROOT_CLASS = YES_ERROR;
				CLANG_WARN__DUPLICATE_METHOD_MATCH = YES;
				"CODE_SIGN_IDENTITY[sdk=iphoneos*]" = "iPhone Developer";
				COPY_PHASE_STRIP = NO;
				GCC_C_LANGUAGE_STANDARD = gnu99;
				GCC_DYNAMIC_NO_PIC = NO;
				GCC_OPTIMIZATION_LEVEL = 0;
				GCC_PREPROCESSOR_DEFINITIONS = (
					"DEBUG=1",
					"$(inherited)",
				);
				GCC_SYMBOLS_PRIVATE_EXTERN = NO;
				GCC_WARN_64_TO_32_BIT_CONVERSION = YES;
				GCC_WARN_ABOUT_RETURN_TYPE = YES_ERROR;
				GCC_WARN_UNDECLARED_SELECTOR = YES;
				GCC_WARN_UNINITIALIZED_AUTOS = YES;
				GCC_WARN_UNUSED_FUNCTION = YES;
				GCC_WARN_UNUSED_VARIABLE = YES;
				IPHONEOS_DEPLOYMENT_TARGET = 7.0;
				ONLY_ACTIVE_ARCH = YES;
				SDKROOT = iphoneos;
			};
			name = Debug;
		};
		B8FFB1E7193AE78200DAD01B /* Release */ = {
			isa = XCBuildConfiguration;
			buildSettings = {
				ALWAYS_SEARCH_USER_PATHS = NO;
				ARCHS = "$(ARCHS_STANDARD_INCLUDING_64_BIT)";
				CLANG_CXX_LANGUAGE_STANDARD = "gnu++0x";
				CLANG_CXX_LIBRARY = "libc++";
				CLANG_ENABLE_MODULES = YES;
				CLANG_ENABLE_OBJC_ARC = YES;
				CLANG_WARN_BOOL_CONVERSION = YES;
				CLANG_WARN_CONSTANT_CONVERSION = YES;
				CLANG_WARN_DIRECT_OBJC_ISA_USAGE = YES_ERROR;
				CLANG_WARN_EMPTY_BODY = YES;
				CLANG_WARN_ENUM_CONVERSION = YES;
				CLANG_WARN_INT_CONVERSION = YES;
				CLANG_WARN_OBJC_ROOT_CLASS = YES_ERROR;
				CLANG_WARN__DUPLICATE_METHOD_MATCH = YES;
				"CODE_SIGN_IDENTITY[sdk=iphoneos*]" = "iPhone Developer";
				COPY_PHASE_STRIP = YES;
				ENABLE_NS_ASSERTIONS = NO;
				GCC_C_LANGUAGE_STANDARD = gnu99;
				GCC_WARN_64_TO_32_BIT_CONVERSION = YES;
				GCC_WARN_ABOUT_RETURN_TYPE = YES_ERROR;
				GCC_WARN_UNDECLARED_SELECTOR = YES;
				GCC_WARN_UNINITIALIZED_AUTOS = YES;
				GCC_WARN_UNUSED_FUNCTION = YES;
				GCC_WARN_UNUSED_VARIABLE = YES;
				IPHONEOS_DEPLOYMENT_TARGET = 7.0;
				SDKROOT = iphoneos;
				VALIDATE_PRODUCT = YES;
			};
			name = Release;
		};
		B8FFB1E9193AE78200DAD01B /* Debug */ = {
			isa = XCBuildConfiguration;
			buildSettings = {
				ASSETCATALOG_COMPILER_APPICON_NAME = AppIcon;
				ASSETCATALOG_COMPILER_LAUNCHIMAGE_NAME = LaunchImage;
				GCC_PRECOMPILE_PREFIX_HEADER = YES;
				GCC_PREFIX_HEADER = "Happ_viewChange_test2/Happ_viewChange_test2-Prefix.pch";
				INFOPLIST_FILE = "Happ_viewChange_test2/Happ_viewChange_test2-Info.plist";
				PRODUCT_NAME = "$(TARGET_NAME)";
				WRAPPER_EXTENSION = app;
			};
			name = Debug;
		};
		B8FFB1EA193AE78200DAD01B /* Release */ = {
			isa = XCBuildConfiguration;
			buildSettings = {
				ASSETCATALOG_COMPILER_APPICON_NAME = AppIcon;
				ASSETCATALOG_COMPILER_LAUNCHIMAGE_NAME = LaunchImage;
				GCC_PRECOMPILE_PREFIX_HEADER = YES;
				GCC_PREFIX_HEADER = "Happ_viewChange_test2/Happ_viewChange_test2-Prefix.pch";
				INFOPLIST_FILE = "Happ_viewChange_test2/Happ_viewChange_test2-Info.plist";
				PRODUCT_NAME = "$(TARGET_NAME)";
				WRAPPER_EXTENSION = app;
			};
			name = Release;
		};
		B8FFB1EC193AE78200DAD01B /* Debug */ = {
			isa = XCBuildConfiguration;
			buildSettings = {
				ARCHS = "$(ARCHS_STANDARD_INCLUDING_64_BIT)";
				BUNDLE_LOADER = "$(BUILT_PRODUCTS_DIR)/Happ_viewChange_test2.app/Happ_viewChange_test2";
				FRAMEWORK_SEARCH_PATHS = (
					"$(SDKROOT)/Developer/Library/Frameworks",
					"$(inherited)",
					"$(DEVELOPER_FRAMEWORKS_DIR)",
				);
				GCC_PRECOMPILE_PREFIX_HEADER = YES;
				GCC_PREFIX_HEADER = "Happ_viewChange_test2/Happ_viewChange_test2-Prefix.pch";
				GCC_PREPROCESSOR_DEFINITIONS = (
					"DEBUG=1",
					"$(inherited)",
				);
				INFOPLIST_FILE = "Happ_viewChange_test2Tests/Happ_viewChange_test2Tests-Info.plist";
				PRODUCT_NAME = "$(TARGET_NAME)";
				TEST_HOST = "$(BUNDLE_LOADER)";
				WRAPPER_EXTENSION = xctest;
			};
			name = Debug;
		};
		B8FFB1ED193AE78200DAD01B /* Release */ = {
			isa = XCBuildConfiguration;
			buildSettings = {
				ARCHS = "$(ARCHS_STANDARD_INCLUDING_64_BIT)";
				BUNDLE_LOADER = "$(BUILT_PRODUCTS_DIR)/Happ_viewChange_test2.app/Happ_viewChange_test2";
				FRAMEWORK_SEARCH_PATHS = (
					"$(SDKROOT)/Developer/Library/Frameworks",
					"$(inherited)",
					"$(DEVELOPER_FRAMEWORKS_DIR)",
				);
				GCC_PRECOMPILE_PREFIX_HEADER = YES;
				GCC_PREFIX_HEADER = "Happ_viewChange_test2/Happ_viewChange_test2-Prefix.pch";
				INFOPLIST_FILE = "Happ_viewChange_test2Tests/Happ_viewChange_test2Tests-Info.plist";
				PRODUCT_NAME = "$(TARGET_NAME)";
				TEST_HOST = "$(BUNDLE_LOADER)";
				WRAPPER_EXTENSION = xctest;
			};
			name = Release;
		};
/* End XCBuildConfiguration section */

/* Begin XCConfigurationList section */
		B8FFB1AE193AE78200DAD01B /* Build configuration list for PBXProject "Happ_viewChange_test2" */ = {
			isa = XCConfigurationList;
			buildConfigurations = (
				B8FFB1E6193AE78200DAD01B /* Debug */,
				B8FFB1E7193AE78200DAD01B /* Release */,
			);
			defaultConfigurationIsVisible = 0;
			defaultConfigurationName = Release;
		};
		B8FFB1E8193AE78200DAD01B /* Build configuration list for PBXNativeTarget "Happ_viewChange_test2" */ = {
			isa = XCConfigurationList;
			buildConfigurations = (
				B8FFB1E9193AE78200DAD01B /* Debug */,
				B8FFB1EA193AE78200DAD01B /* Release */,
			);
			defaultConfigurationIsVisible = 0;
		};
		B8FFB1EB193AE78200DAD01B /* Build configuration list for PBXNativeTarget "Happ_viewChange_test2Tests" */ = {
			isa = XCConfigurationList;
			buildConfigurations = (
				B8FFB1EC193AE78200DAD01B /* Debug */,
				B8FFB1ED193AE78200DAD01B /* Release */,
			);
			defaultConfigurationIsVisible = 0;
		};
/* End XCConfigurationList section */
	};
	rootObject = B8FFB1AB193AE78200DAD01B /* Project object */;
}
