// !$*UTF8*$!
{
	archiveVersion = 1;
	classes = {
	};
	objectVersion = 46;
	objects = {

/* Begin PBXBuildFile section */
		B87D962219569C2D0094EA58 /* TabViewController1.m in Sources */ = {isa = PBXBuildFile; fileRef = B87D962119569C2D0094EA58 /* TabViewController1.m */; };
		B87D962519569C5E0094EA58 /* TabViewController2.m in Sources */ = {isa = PBXBuildFile; fileRef = B87D962419569C5E0094EA58 /* TabViewController2.m */; };
		B87D96271956A8980094EA58 /* libsqlite3.0.dylib in Frameworks */ = {isa = PBXBuildFile; fileRef = B87D96261956A8980094EA58 /* libsqlite3.0.dylib */; };
		B8F8B25E19603EDE00C162F3 /* TabViewController3.m in Sources */ = {isa = PBXBuildFile; fileRef = B8F8B25D19603EDE00C162F3 /* TabViewController3.m */; };
		B8FEAFD01944385D008E01D9 /* Foundation.framework in Frameworks */ = {isa = PBXBuildFile; fileRef = B8FEAFCF1944385D008E01D9 /* Foundation.framework */; };
		B8FEAFD21944385D008E01D9 /* CoreGraphics.framework in Frameworks */ = {isa = PBXBuildFile; fileRef = B8FEAFD11944385D008E01D9 /* CoreGraphics.framework */; };
		B8FEAFD41944385D008E01D9 /* UIKit.framework in Frameworks */ = {isa = PBXBuildFile; fileRef = B8FEAFD31944385D008E01D9 /* UIKit.framework */; };
		B8FEAFDA1944385D008E01D9 /* InfoPlist.strings in Resources */ = {isa = PBXBuildFile; fileRef = B8FEAFD81944385D008E01D9 /* InfoPlist.strings */; };
		B8FEAFDC1944385D008E01D9 /* main.m in Sources */ = {isa = PBXBuildFile; fileRef = B8FEAFDB1944385D008E01D9 /* main.m */; };
		B8FEAFE01944385D008E01D9 /* AppDelegate.m in Sources */ = {isa = PBXBuildFile; fileRef = B8FEAFDF1944385D008E01D9 /* AppDelegate.m */; };
		B8FEAFE31944385D008E01D9 /* Main.storyboard in Resources */ = {isa = PBXBuildFile; fileRef = B8FEAFE11944385D008E01D9 /* Main.storyboard */; };
		B8FEAFE61944385D008E01D9 /* ViewController.m in Sources */ = {isa = PBXBuildFile; fileRef = B8FEAFE51944385D008E01D9 /* ViewController.m */; };
		B8FEAFE81944385D008E01D9 /* Images.xcassets in Resources */ = {isa = PBXBuildFile; fileRef = B8FEAFE71944385D008E01D9 /* Images.xcassets */; };
		B8FEAFEF1944385D008E01D9 /* XCTest.framework in Frameworks */ = {isa = PBXBuildFile; fileRef = B8FEAFEE1944385D008E01D9 /* XCTest.framework */; };
		B8FEAFF01944385D008E01D9 /* Foundation.framework in Frameworks */ = {isa = PBXBuildFile; fileRef = B8FEAFCF1944385D008E01D9 /* Foundation.framework */; };
		B8FEAFF11944385D008E01D9 /* UIKit.framework in Frameworks */ = {isa = PBXBuildFile; fileRef = B8FEAFD31944385D008E01D9 /* UIKit.framework */; };
		B8FEAFF91944385D008E01D9 /* InfoPlist.strings in Resources */ = {isa = PBXBuildFile; fileRef = B8FEAFF71944385D008E01D9 /* InfoPlist.strings */; };
		B8FEAFFB1944385D008E01D9 /* Happ_viewChangeTests.m in Sources */ = {isa = PBXBuildFile; fileRef = B8FEAFFA1944385D008E01D9 /* Happ_viewChangeTests.m */; };
		B8FEB00619443B81008E01D9 /* LoginView.m in Sources */ = {isa = PBXBuildFile; fileRef = B8FEB00519443B81008E01D9 /* LoginView.m */; };
/* End PBXBuildFile section */

/* Begin PBXContainerItemProxy section */
		B8FEAFF21944385D008E01D9 /* PBXContainerItemProxy */ = {
			isa = PBXContainerItemProxy;
			containerPortal = B8FEAFC41944385D008E01D9 /* Project object */;
			proxyType = 1;
			remoteGlobalIDString = B8FEAFCB1944385D008E01D9;
			remoteInfo = Happ_viewChange;
		};
/* End PBXContainerItemProxy section */

/* Begin PBXFileReference section */
		B87D962019569C2D0094EA58 /* TabViewController1.h */ = {isa = PBXFileReference; fileEncoding = 4; lastKnownFileType = sourcecode.c.h; path = TabViewController1.h; sourceTree = "<group>"; };
		B87D962119569C2D0094EA58 /* TabViewController1.m */ = {isa = PBXFileReference; fileEncoding = 4; lastKnownFileType = sourcecode.c.objc; path = TabViewController1.m; sourceTree = "<group>"; };
		B87D962319569C5E0094EA58 /* TabViewController2.h */ = {isa = PBXFileReference; fileEncoding = 4; lastKnownFileType = sourcecode.c.h; path = TabViewController2.h; sourceTree = "<group>"; };
		B87D962419569C5E0094EA58 /* TabViewController2.m */ = {isa = PBXFileReference; fileEncoding = 4; lastKnownFileType = sourcecode.c.objc; path = TabViewController2.m; sourceTree = "<group>"; };
		B87D96261956A8980094EA58 /* libsqlite3.0.dylib */ = {isa = PBXFileReference; lastKnownFileType = "compiled.mach-o.dylib"; name = libsqlite3.0.dylib; path = usr/lib/libsqlite3.0.dylib; sourceTree = SDKROOT; };
		B8F8B25C19603EDE00C162F3 /* TabViewController3.h */ = {isa = PBXFileReference; fileEncoding = 4; lastKnownFileType = sourcecode.c.h; path = TabViewController3.h; sourceTree = "<group>"; };
		B8F8B25D19603EDE00C162F3 /* TabViewController3.m */ = {isa = PBXFileReference; fileEncoding = 4; lastKnownFileType = sourcecode.c.objc; path = TabViewController3.m; sourceTree = "<group>"; };
		B8FEAFCC1944385D008E01D9 /* Happ_viewChange.app */ = {isa = PBXFileReference; explicitFileType = wrapper.application; includeInIndex = 0; path = Happ_viewChange.app; sourceTree = BUILT_PRODUCTS_DIR; };
		B8FEAFCF1944385D008E01D9 /* Foundation.framework */ = {isa = PBXFileReference; lastKnownFileType = wrapper.framework; name = Foundation.framework; path = System/Library/Frameworks/Foundation.framework; sourceTree = SDKROOT; };
		B8FEAFD11944385D008E01D9 /* CoreGraphics.framework */ = {isa = PBXFileReference; lastKnownFileType = wrapper.framework; name = CoreGraphics.framework; path = System/Library/Frameworks/CoreGraphics.framework; sourceTree = SDKROOT; };
		B8FEAFD31944385D008E01D9 /* UIKit.framework */ = {isa = PBXFileReference; lastKnownFileType = wrapper.framework; name = UIKit.framework; path = System/Library/Frameworks/UIKit.framework; sourceTree = SDKROOT; };
		B8FEAFD71944385D008E01D9 /* Happ_viewChange-Info.plist */ = {isa = PBXFileReference; lastKnownFileType = text.plist.xml; path = "Happ_viewChange-Info.plist"; sourceTree = "<group>"; };
		B8FEAFD91944385D008E01D9 /* en */ = {isa = PBXFileReference; lastKnownFileType = text.plist.strings; name = en; path = en.lproj/InfoPlist.strings; sourceTree = "<group>"; };
		B8FEAFDB1944385D008E01D9 /* main.m */ = {isa = PBXFileReference; lastKnownFileType = sourcecode.c.objc; path = main.m; sourceTree = "<group>"; };
		B8FEAFDD1944385D008E01D9 /* Happ_viewChange-Prefix.pch */ = {isa = PBXFileReference; lastKnownFileType = sourcecode.c.h; path = "Happ_viewChange-Prefix.pch"; sourceTree = "<group>"; };
		B8FEAFDE1944385D008E01D9 /* AppDelegate.h */ = {isa = PBXFileReference; lastKnownFileType = sourcecode.c.h; path = AppDelegate.h; sourceTree = "<group>"; };
		B8FEAFDF1944385D008E01D9 /* AppDelegate.m */ = {isa = PBXFileReference; lastKnownFileType = sourcecode.c.objc; path = AppDelegate.m; sourceTree = "<group>"; };
		B8FEAFE21944385D008E01D9 /* Base */ = {isa = PBXFileReference; lastKnownFileType = file.storyboard; name = Base; path = Base.lproj/Main.storyboard; sourceTree = "<group>"; };
		B8FEAFE41944385D008E01D9 /* ViewController.h */ = {isa = PBXFileReference; lastKnownFileType = sourcecode.c.h; path = ViewController.h; sourceTree = "<group>"; };
		B8FEAFE51944385D008E01D9 /* ViewController.m */ = {isa = PBXFileReference; lastKnownFileType = sourcecode.c.objc; path = ViewController.m; sourceTree = "<group>"; };
		B8FEAFE71944385D008E01D9 /* Images.xcassets */ = {isa = PBXFileReference; lastKnownFileType = folder.assetcatalog; path = Images.xcassets; sourceTree = "<group>"; };
		B8FEAFED1944385D008E01D9 /* Happ_viewChangeTests.xctest */ = {isa = PBXFileReference; explicitFileType = wrapper.cfbundle; includeInIndex = 0; path = Happ_viewChangeTests.xctest; sourceTree = BUILT_PRODUCTS_DIR; };
		B8FEAFEE1944385D008E01D9 /* XCTest.framework */ = {isa = PBXFileReference; lastKnownFileType = wrapper.framework; name = XCTest.framework; path = Library/Frameworks/XCTest.framework; sourceTree = DEVELOPER_DIR; };
		B8FEAFF61944385D008E01D9 /* Happ_viewChangeTests-Info.plist */ = {isa = PBXFileReference; lastKnownFileType = text.plist.xml; path = "Happ_viewChangeTests-Info.plist"; sourceTree = "<group>"; };
		B8FEAFF81944385D008E01D9 /* en */ = {isa = PBXFileReference; lastKnownFileType = text.plist.strings; name = en; path = en.lproj/InfoPlist.strings; sourceTree = "<group>"; };
		B8FEAFFA1944385D008E01D9 /* Happ_viewChangeTests.m */ = {isa = PBXFileReference; lastKnownFileType = sourcecode.c.objc; path = Happ_viewChangeTests.m; sourceTree = "<group>"; };
		B8FEB00419443B81008E01D9 /* LoginView.h */ = {isa = PBXFileReference; fileEncoding = 4; lastKnownFileType = sourcecode.c.h; path = LoginView.h; sourceTree = "<group>"; };
		B8FEB00519443B81008E01D9 /* LoginView.m */ = {isa = PBXFileReference; fileEncoding = 4; lastKnownFileType = sourcecode.c.objc; path = LoginView.m; sourceTree = "<group>"; };
/* End PBXFileReference section */

/* Begin PBXFrameworksBuildPhase section */
		B8FEAFC91944385D008E01D9 /* Frameworks */ = {
			isa = PBXFrameworksBuildPhase;
			buildActionMask = 2147483647;
			files = (
				B87D96271956A8980094EA58 /* libsqlite3.0.dylib in Frameworks */,
				B8FEAFD21944385D008E01D9 /* CoreGraphics.framework in Frameworks */,
				B8FEAFD41944385D008E01D9 /* UIKit.framework in Frameworks */,
				B8FEAFD01944385D008E01D9 /* Foundation.framework in Frameworks */,
			);
			runOnlyForDeploymentPostprocessing = 0;
		};
		B8FEAFEA1944385D008E01D9 /* Frameworks */ = {
			isa = PBXFrameworksBuildPhase;
			buildActionMask = 2147483647;
			files = (
				B8FEAFEF1944385D008E01D9 /* XCTest.framework in Frameworks */,
				B8FEAFF11944385D008E01D9 /* UIKit.framework in Frameworks */,
				B8FEAFF01944385D008E01D9 /* Foundation.framework in Frameworks */,
			);
			runOnlyForDeploymentPostprocessing = 0;
		};
/* End PBXFrameworksBuildPhase section */

/* Begin PBXGroup section */
		B8FEAFC31944385D008E01D9 = {
			isa = PBXGroup;
			children = (
				B8FEAFD51944385D008E01D9 /* Happ_viewChange */,
				B8FEAFF41944385D008E01D9 /* Happ_viewChangeTests */,
				B8FEAFCE1944385D008E01D9 /* Frameworks */,
				B8FEAFCD1944385D008E01D9 /* Products */,
			);
			sourceTree = "<group>";
		};
		B8FEAFCD1944385D008E01D9 /* Products */ = {
			isa = PBXGroup;
			children = (
				B8FEAFCC1944385D008E01D9 /* Happ_viewChange.app */,
				B8FEAFED1944385D008E01D9 /* Happ_viewChangeTests.xctest */,
			);
			name = Products;
			sourceTree = "<group>";
		};
		B8FEAFCE1944385D008E01D9 /* Frameworks */ = {
			isa = PBXGroup;
			children = (
				B87D96261956A8980094EA58 /* libsqlite3.0.dylib */,
				B8FEAFCF1944385D008E01D9 /* Foundation.framework */,
				B8FEAFD11944385D008E01D9 /* CoreGraphics.framework */,
				B8FEAFD31944385D008E01D9 /* UIKit.framework */,
				B8FEAFEE1944385D008E01D9 /* XCTest.framework */,
			);
			name = Frameworks;
			sourceTree = "<group>";
		};
		B8FEAFD51944385D008E01D9 /* Happ_viewChange */ = {
			isa = PBXGroup;
			children = (
				B8FEAFDE1944385D008E01D9 /* AppDelegate.h */,
				B8FEAFDF1944385D008E01D9 /* AppDelegate.m */,
				B8FEAFE11944385D008E01D9 /* Main.storyboard */,
				B8F8B25C19603EDE00C162F3 /* TabViewController3.h */,
				B8F8B25D19603EDE00C162F3 /* TabViewController3.m */,
				B87D962319569C5E0094EA58 /* TabViewController2.h */,
				B87D962419569C5E0094EA58 /* TabViewController2.m */,
				B87D962019569C2D0094EA58 /* TabViewController1.h */,
				B87D962119569C2D0094EA58 /* TabViewController1.m */,
				B8FEB00419443B81008E01D9 /* LoginView.h */,
				B8FEB00519443B81008E01D9 /* LoginView.m */,
				B8FEAFE41944385D008E01D9 /* ViewController.h */,
				B8FEAFE51944385D008E01D9 /* ViewController.m */,
				B8FEAFE71944385D008E01D9 /* Images.xcassets */,
				B8FEAFD61944385D008E01D9 /* Supporting Files */,
			);
			path = Happ_viewChange;
			sourceTree = "<group>";
		};
		B8FEAFD61944385D008E01D9 /* Supporting Files */ = {
			isa = PBXGroup;
			children = (
				B8FEAFD71944385D008E01D9 /* Happ_viewChange-Info.plist */,
				B8FEAFD81944385D008E01D9 /* InfoPlist.strings */,
				B8FEAFDB1944385D008E01D9 /* main.m */,
				B8FEAFDD1944385D008E01D9 /* Happ_viewChange-Prefix.pch */,
			);
			name = "Supporting Files";
			sourceTree = "<group>";
		};
		B8FEAFF41944385D008E01D9 /* Happ_viewChangeTests */ = {
			isa = PBXGroup;
			children = (
				B8FEAFFA1944385D008E01D9 /* Happ_viewChangeTests.m */,
				B8FEAFF51944385D008E01D9 /* Supporting Files */,
			);
			path = Happ_viewChangeTests;
			sourceTree = "<group>";
		};
		B8FEAFF51944385D008E01D9 /* Supporting Files */ = {
			isa = PBXGroup;
			children = (
				B8FEAFF61944385D008E01D9 /* Happ_viewChangeTests-Info.plist */,
				B8FEAFF71944385D008E01D9 /* InfoPlist.strings */,
			);
			name = "Supporting Files";
			sourceTree = "<group>";
		};
/* End PBXGroup section */

/* Begin PBXNativeTarget section */
		B8FEAFCB1944385D008E01D9 /* Happ_viewChange */ = {
			isa = PBXNativeTarget;
			buildConfigurationList = B8FEAFFE1944385D008E01D9 /* Build configuration list for PBXNativeTarget "Happ_viewChange" */;
			buildPhases = (
				B8FEAFC81944385D008E01D9 /* Sources */,
				B8FEAFC91944385D008E01D9 /* Frameworks */,
				B8FEAFCA1944385D008E01D9 /* Resources */,
			);
			buildRules = (
			);
			dependencies = (
			);
			name = Happ_viewChange;
			productName = Happ_viewChange;
			productReference = B8FEAFCC1944385D008E01D9 /* Happ_viewChange.app */;
			productType = "com.apple.product-type.application";
		};
		B8FEAFEC1944385D008E01D9 /* Happ_viewChangeTests */ = {
			isa = PBXNativeTarget;
			buildConfigurationList = B8FEB0011944385D008E01D9 /* Build configuration list for PBXNativeTarget "Happ_viewChangeTests" */;
			buildPhases = (
				B8FEAFE91944385D008E01D9 /* Sources */,
				B8FEAFEA1944385D008E01D9 /* Frameworks */,
				B8FEAFEB1944385D008E01D9 /* Resources */,
			);
			buildRules = (
			);
			dependencies = (
				B8FEAFF31944385D008E01D9 /* PBXTargetDependency */,
			);
			name = Happ_viewChangeTests;
			productName = Happ_viewChangeTests;
			productReference = B8FEAFED1944385D008E01D9 /* Happ_viewChangeTests.xctest */;
			productType = "com.apple.product-type.bundle.unit-test";
		};
/* End PBXNativeTarget section */

/* Begin PBXProject section */
		B8FEAFC41944385D008E01D9 /* Project object */ = {
			isa = PBXProject;
			attributes = {
				LastUpgradeCheck = 0500;
				ORGANIZATIONNAME = tkm03;
				TargetAttributes = {
					B8FEAFEC1944385D008E01D9 = {
						TestTargetID = B8FEAFCB1944385D008E01D9;
					};
				};
			};
			buildConfigurationList = B8FEAFC71944385D008E01D9 /* Build configuration list for PBXProject "Happ_viewChange" */;
			compatibilityVersion = "Xcode 3.2";
			developmentRegion = English;
			hasScannedForEncodings = 0;
			knownRegions = (
				en,
				Base,
			);
			mainGroup = B8FEAFC31944385D008E01D9;
			productRefGroup = B8FEAFCD1944385D008E01D9 /* Products */;
			projectDirPath = "";
			projectRoot = "";
			targets = (
				B8FEAFCB1944385D008E01D9 /* Happ_viewChange */,
				B8FEAFEC1944385D008E01D9 /* Happ_viewChangeTests */,
			);
		};
/* End PBXProject section */

/* Begin PBXResourcesBuildPhase section */
		B8FEAFCA1944385D008E01D9 /* Resources */ = {
			isa = PBXResourcesBuildPhase;
			buildActionMask = 2147483647;
			files = (
				B8FEAFE81944385D008E01D9 /* Images.xcassets in Resources */,
				B8FEAFDA1944385D008E01D9 /* InfoPlist.strings in Resources */,
				B8FEAFE31944385D008E01D9 /* Main.storyboard in Resources */,
			);
			runOnlyForDeploymentPostprocessing = 0;
		};
		B8FEAFEB1944385D008E01D9 /* Resources */ = {
			isa = PBXResourcesBuildPhase;
			buildActionMask = 2147483647;
			files = (
				B8FEAFF91944385D008E01D9 /* InfoPlist.strings in Resources */,
			);
			runOnlyForDeploymentPostprocessing = 0;
		};
/* End PBXResourcesBuildPhase section */

/* Begin PBXSourcesBuildPhase section */
		B8FEAFC81944385D008E01D9 /* Sources */ = {
			isa = PBXSourcesBuildPhase;
			buildActionMask = 2147483647;
			files = (
				B87D962219569C2D0094EA58 /* TabViewController1.m in Sources */,
				B8F8B25E19603EDE00C162F3 /* TabViewController3.m in Sources */,
				B8FEAFE61944385D008E01D9 /* ViewController.m in Sources */,
				B8FEAFE01944385D008E01D9 /* AppDelegate.m in Sources */,
				B8FEB00619443B81008E01D9 /* LoginView.m in Sources */,
				B8FEAFDC1944385D008E01D9 /* main.m in Sources */,
				B87D962519569C5E0094EA58 /* TabViewController2.m in Sources */,
			);
			runOnlyForDeploymentPostprocessing = 0;
		};
		B8FEAFE91944385D008E01D9 /* Sources */ = {
			isa = PBXSourcesBuildPhase;
			buildActionMask = 2147483647;
			files = (
				B8FEAFFB1944385D008E01D9 /* Happ_viewChangeTests.m in Sources */,
			);
			runOnlyForDeploymentPostprocessing = 0;
		};
/* End PBXSourcesBuildPhase section */

/* Begin PBXTargetDependency section */
		B8FEAFF31944385D008E01D9 /* PBXTargetDependency */ = {
			isa = PBXTargetDependency;
			target = B8FEAFCB1944385D008E01D9 /* Happ_viewChange */;
			targetProxy = B8FEAFF21944385D008E01D9 /* PBXContainerItemProxy */;
		};
/* End PBXTargetDependency section */

/* Begin PBXVariantGroup section */
		B8FEAFD81944385D008E01D9 /* InfoPlist.strings */ = {
			isa = PBXVariantGroup;
			children = (
				B8FEAFD91944385D008E01D9 /* en */,
			);
			name = InfoPlist.strings;
			sourceTree = "<group>";
		};
		B8FEAFE11944385D008E01D9 /* Main.storyboard */ = {
			isa = PBXVariantGroup;
			children = (
				B8FEAFE21944385D008E01D9 /* Base */,
			);
			name = Main.storyboard;
			sourceTree = "<group>";
		};
		B8FEAFF71944385D008E01D9 /* InfoPlist.strings */ = {
			isa = PBXVariantGroup;
			children = (
				B8FEAFF81944385D008E01D9 /* en */,
			);
			name = InfoPlist.strings;
			sourceTree = "<group>";
		};
/* End PBXVariantGroup section */

/* Begin XCBuildConfiguration section */
		B8FEAFFC1944385D008E01D9 /* Debug */ = {
			isa = XCBuildConfiguration;
			buildSettings = {
				ALWAYS_SEARCH_USER_PATHS = NO;
				ARCHS = "$(ARCHS_STANDARD_INCLUDING_64_BIT)";
				CLANG_CXX_LANGUAGE_STANDARD = "gnu++0x";
				CLANG_CXX_LIBRARY = "libc++";
				CLANG_ENABLE_MODULES = YES;
				CLANG_ENABLE_OBJC_ARC = YES;
				CLANG_WARN_BOOL_CONVERSION = YES;
				CLANG_WARN_CONSTANT_CONVERSION = YES;
				CLANG_WARN_DIRECT_OBJC_ISA_USAGE = YES_ERROR;
				CLANG_WARN_EMPTY_BODY = YES;
				CLANG_WARN_ENUM_CONVERSION = YES;
				CLANG_WARN_INT_CONVERSION = YES;
				CLANG_WARN_OBJC_ROOT_CLASS = YES_ERROR;
				CLANG_WARN__DUPLICATE_METHOD_MATCH = YES;
				"CODE_SIGN_IDENTITY[sdk=iphoneos*]" = "iPhone Developer";
				COPY_PHASE_STRIP = NO;
				GCC_C_LANGUAGE_STANDARD = gnu99;
				GCC_DYNAMIC_NO_PIC = NO;
				GCC_OPTIMIZATION_LEVEL = 0;
				GCC_PREPROCESSOR_DEFINITIONS = (
					"DEBUG=1",
					"$(inherited)",
				);
				GCC_SYMBOLS_PRIVATE_EXTERN = NO;
				GCC_WARN_64_TO_32_BIT_CONVERSION = YES;
				GCC_WARN_ABOUT_RETURN_TYPE = YES_ERROR;
				GCC_WARN_UNDECLARED_SELECTOR = YES;
				GCC_WARN_UNINITIALIZED_AUTOS = YES;
				GCC_WARN_UNUSED_FUNCTION = YES;
				GCC_WARN_UNUSED_VARIABLE = YES;
				IPHONEOS_DEPLOYMENT_TARGET = 7.0;
				ONLY_ACTIVE_ARCH = YES;
				SDKROOT = iphoneos;
			};
			name = Debug;
		};
		B8FEAFFD1944385D008E01D9 /* Release */ = {
			isa = XCBuildConfiguration;
			buildSettings = {
				ALWAYS_SEARCH_USER_PATHS = NO;
				ARCHS = "$(ARCHS_STANDARD_INCLUDING_64_BIT)";
				CLANG_CXX_LANGUAGE_STANDARD = "gnu++0x";
				CLANG_CXX_LIBRARY = "libc++";
				CLANG_ENABLE_MODULES = YES;
				CLANG_ENABLE_OBJC_ARC = YES;
				CLANG_WARN_BOOL_CONVERSION = YES;
				CLANG_WARN_CONSTANT_CONVERSION = YES;
				CLANG_WARN_DIRECT_OBJC_ISA_USAGE = YES_ERROR;
				CLANG_WARN_EMPTY_BODY = YES;
				CLANG_WARN_ENUM_CONVERSION = YES;
				CLANG_WARN_INT_CONVERSION = YES;
				CLANG_WARN_OBJC_ROOT_CLASS = YES_ERROR;
				CLANG_WARN__DUPLICATE_METHOD_MATCH = YES;
				"CODE_SIGN_IDENTITY[sdk=iphoneos*]" = "iPhone Developer";
				COPY_PHASE_STRIP = YES;
				ENABLE_NS_ASSERTIONS = NO;
				GCC_C_LANGUAGE_STANDARD = gnu99;
				GCC_WARN_64_TO_32_BIT_CONVERSION = YES;
				GCC_WARN_ABOUT_RETURN_TYPE = YES_ERROR;
				GCC_WARN_UNDECLARED_SELECTOR = YES;
				GCC_WARN_UNINITIALIZED_AUTOS = YES;
				GCC_WARN_UNUSED_FUNCTION = YES;
				GCC_WARN_UNUSED_VARIABLE = YES;
				IPHONEOS_DEPLOYMENT_TARGET = 7.0;
				SDKROOT = iphoneos;
				VALIDATE_PRODUCT = YES;
			};
			name = Release;
		};
		B8FEAFFF1944385D008E01D9 /* Debug */ = {
			isa = XCBuildConfiguration;
			buildSettings = {
				ASSETCATALOG_COMPILER_APPICON_NAME = AppIcon;
				ASSETCATALOG_COMPILER_LAUNCHIMAGE_NAME = LaunchImage;
				GCC_PRECOMPILE_PREFIX_HEADER = YES;
				GCC_PREFIX_HEADER = "Happ_viewChange/Happ_viewChange-Prefix.pch";
				INFOPLIST_FILE = "Happ_viewChange/Happ_viewChange-Info.plist";
				PRODUCT_NAME = "$(TARGET_NAME)";
				WRAPPER_EXTENSION = app;
			};
			name = Debug;
		};
		B8FEB0001944385D008E01D9 /* Release */ = {
			isa = XCBuildConfiguration;
			buildSettings = {
				ASSETCATALOG_COMPILER_APPICON_NAME = AppIcon;
				ASSETCATALOG_COMPILER_LAUNCHIMAGE_NAME = LaunchImage;
				GCC_PRECOMPILE_PREFIX_HEADER = YES;
				GCC_PREFIX_HEADER = "Happ_viewChange/Happ_viewChange-Prefix.pch";
				INFOPLIST_FILE = "Happ_viewChange/Happ_viewChange-Info.plist";
				PRODUCT_NAME = "$(TARGET_NAME)";
				WRAPPER_EXTENSION = app;
			};
			name = Release;
		};
		B8FEB0021944385D008E01D9 /* Debug */ = {
			isa = XCBuildConfiguration;
			buildSettings = {
				ARCHS = "$(ARCHS_STANDARD_INCLUDING_64_BIT)";
				BUNDLE_LOADER = "$(BUILT_PRODUCTS_DIR)/Happ_viewChange.app/Happ_viewChange";
				FRAMEWORK_SEARCH_PATHS = (
					"$(SDKROOT)/Developer/Library/Frameworks",
					"$(inherited)",
					"$(DEVELOPER_FRAMEWORKS_DIR)",
				);
				GCC_PRECOMPILE_PREFIX_HEADER = YES;
				GCC_PREFIX_HEADER = "Happ_viewChange/Happ_viewChange-Prefix.pch";
				GCC_PREPROCESSOR_DEFINITIONS = (
					"DEBUG=1",
					"$(inherited)",
				);
				INFOPLIST_FILE = "Happ_viewChangeTests/Happ_viewChangeTests-Info.plist";
				PRODUCT_NAME = "$(TARGET_NAME)";
				TEST_HOST = "$(BUNDLE_LOADER)";
				WRAPPER_EXTENSION = xctest;
			};
			name = Debug;
		};
		B8FEB0031944385D008E01D9 /* Release */ = {
			isa = XCBuildConfiguration;
			buildSettings = {
				ARCHS = "$(ARCHS_STANDARD_INCLUDING_64_BIT)";
				BUNDLE_LOADER = "$(BUILT_PRODUCTS_DIR)/Happ_viewChange.app/Happ_viewChange";
				FRAMEWORK_SEARCH_PATHS = (
					"$(SDKROOT)/Developer/Library/Frameworks",
					"$(inherited)",
					"$(DEVELOPER_FRAMEWORKS_DIR)",
				);
				GCC_PRECOMPILE_PREFIX_HEADER = YES;
				GCC_PREFIX_HEADER = "Happ_viewChange/Happ_viewChange-Prefix.pch";
				INFOPLIST_FILE = "Happ_viewChangeTests/Happ_viewChangeTests-Info.plist";
				PRODUCT_NAME = "$(TARGET_NAME)";
				TEST_HOST = "$(BUNDLE_LOADER)";
				WRAPPER_EXTENSION = xctest;
			};
			name = Release;
		};
/* End XCBuildConfiguration section */

/* Begin XCConfigurationList section */
		B8FEAFC71944385D008E01D9 /* Build configuration list for PBXProject "Happ_viewChange" */ = {
			isa = XCConfigurationList;
			buildConfigurations = (
				B8FEAFFC1944385D008E01D9 /* Debug */,
				B8FEAFFD1944385D008E01D9 /* Release */,
			);
			defaultConfigurationIsVisible = 0;
			defaultConfigurationName = Release;
		};
		B8FEAFFE1944385D008E01D9 /* Build configuration list for PBXNativeTarget "Happ_viewChange" */ = {
			isa = XCConfigurationList;
			buildConfigurations = (
				B8FEAFFF1944385D008E01D9 /* Debug */,
				B8FEB0001944385D008E01D9 /* Release */,
			);
			defaultConfigurationIsVisible = 0;
			defaultConfigurationName = Release;
		};
		B8FEB0011944385D008E01D9 /* Build configuration list for PBXNativeTarget "Happ_viewChangeTests" */ = {
			isa = XCConfigurationList;
			buildConfigurations = (
				B8FEB0021944385D008E01D9 /* Debug */,
				B8FEB0031944385D008E01D9 /* Release */,
			);
			defaultConfigurationIsVisible = 0;
			defaultConfigurationName = Release;
		};
/* End XCConfigurationList section */
	};
	rootObject = B8FEAFC41944385D008E01D9 /* Project object */;
}
