// !$*UTF8*$!
{
	archiveVersion = 1;
	classes = {
	};
	objectVersion = 46;
	objects = {

/* Begin PBXBuildFile section */
		B81BFF4419558387002F42E7 /* Foundation.framework in Frameworks */ = {isa = PBXBuildFile; fileRef = B81BFF4319558387002F42E7 /* Foundation.framework */; };
		B81BFF4619558387002F42E7 /* CoreGraphics.framework in Frameworks */ = {isa = PBXBuildFile; fileRef = B81BFF4519558387002F42E7 /* CoreGraphics.framework */; };
		B81BFF4819558387002F42E7 /* UIKit.framework in Frameworks */ = {isa = PBXBuildFile; fileRef = B81BFF4719558387002F42E7 /* UIKit.framework */; };
		B81BFF4E19558387002F42E7 /* InfoPlist.strings in Resources */ = {isa = PBXBuildFile; fileRef = B81BFF4C19558387002F42E7 /* InfoPlist.strings */; };
		B81BFF5019558387002F42E7 /* main.m in Sources */ = {isa = PBXBuildFile; fileRef = B81BFF4F19558387002F42E7 /* main.m */; };
		B81BFF5419558387002F42E7 /* AppDelegate.m in Sources */ = {isa = PBXBuildFile; fileRef = B81BFF5319558387002F42E7 /* AppDelegate.m */; };
		B81BFF5719558387002F42E7 /* Main.storyboard in Resources */ = {isa = PBXBuildFile; fileRef = B81BFF5519558387002F42E7 /* Main.storyboard */; };
		B81BFF5A19558387002F42E7 /* ViewController.m in Sources */ = {isa = PBXBuildFile; fileRef = B81BFF5919558387002F42E7 /* ViewController.m */; };
		B81BFF5C19558387002F42E7 /* Images.xcassets in Resources */ = {isa = PBXBuildFile; fileRef = B81BFF5B19558387002F42E7 /* Images.xcassets */; };
		B81BFF6319558387002F42E7 /* XCTest.framework in Frameworks */ = {isa = PBXBuildFile; fileRef = B81BFF6219558387002F42E7 /* XCTest.framework */; };
		B81BFF6419558387002F42E7 /* Foundation.framework in Frameworks */ = {isa = PBXBuildFile; fileRef = B81BFF4319558387002F42E7 /* Foundation.framework */; };
		B81BFF6519558387002F42E7 /* UIKit.framework in Frameworks */ = {isa = PBXBuildFile; fileRef = B81BFF4719558387002F42E7 /* UIKit.framework */; };
		B81BFF6D19558387002F42E7 /* InfoPlist.strings in Resources */ = {isa = PBXBuildFile; fileRef = B81BFF6B19558387002F42E7 /* InfoPlist.strings */; };
		B81BFF6F19558387002F42E7 /* Happ_viewChange_test5Tests.m in Sources */ = {isa = PBXBuildFile; fileRef = B81BFF6E19558387002F42E7 /* Happ_viewChange_test5Tests.m */; };
		B81BFF7A195583B6002F42E7 /* ViewControllerItem1.m in Sources */ = {isa = PBXBuildFile; fileRef = B81BFF79195583B6002F42E7 /* ViewControllerItem1.m */; };
		B81BFF7D195583D3002F42E7 /* ViewControllerItem2.m in Sources */ = {isa = PBXBuildFile; fileRef = B81BFF7C195583D3002F42E7 /* ViewControllerItem2.m */; };
/* End PBXBuildFile section */

/* Begin PBXContainerItemProxy section */
		B81BFF6619558387002F42E7 /* PBXContainerItemProxy */ = {
			isa = PBXContainerItemProxy;
			containerPortal = B81BFF3819558387002F42E7 /* Project object */;
			proxyType = 1;
			remoteGlobalIDString = B81BFF3F19558387002F42E7;
			remoteInfo = Happ_viewChange_test5;
		};
/* End PBXContainerItemProxy section */

/* Begin PBXFileReference section */
		B81BFF4019558387002F42E7 /* Happ_viewChange_test5.app */ = {isa = PBXFileReference; explicitFileType = wrapper.application; includeInIndex = 0; path = Happ_viewChange_test5.app; sourceTree = BUILT_PRODUCTS_DIR; };
		B81BFF4319558387002F42E7 /* Foundation.framework */ = {isa = PBXFileReference; lastKnownFileType = wrapper.framework; name = Foundation.framework; path = System/Library/Frameworks/Foundation.framework; sourceTree = SDKROOT; };
		B81BFF4519558387002F42E7 /* CoreGraphics.framework */ = {isa = PBXFileReference; lastKnownFileType = wrapper.framework; name = CoreGraphics.framework; path = System/Library/Frameworks/CoreGraphics.framework; sourceTree = SDKROOT; };
		B81BFF4719558387002F42E7 /* UIKit.framework */ = {isa = PBXFileReference; lastKnownFileType = wrapper.framework; name = UIKit.framework; path = System/Library/Frameworks/UIKit.framework; sourceTree = SDKROOT; };
		B81BFF4B19558387002F42E7 /* Happ_viewChange_test5-Info.plist */ = {isa = PBXFileReference; lastKnownFileType = text.plist.xml; path = "Happ_viewChange_test5-Info.plist"; sourceTree = "<group>"; };
		B81BFF4D19558387002F42E7 /* en */ = {isa = PBXFileReference; lastKnownFileType = text.plist.strings; name = en; path = en.lproj/InfoPlist.strings; sourceTree = "<group>"; };
		B81BFF4F19558387002F42E7 /* main.m */ = {isa = PBXFileReference; lastKnownFileType = sourcecode.c.objc; path = main.m; sourceTree = "<group>"; };
		B81BFF5119558387002F42E7 /* Happ_viewChange_test5-Prefix.pch */ = {isa = PBXFileReference; lastKnownFileType = sourcecode.c.h; path = "Happ_viewChange_test5-Prefix.pch"; sourceTree = "<group>"; };
		B81BFF5219558387002F42E7 /* AppDelegate.h */ = {isa = PBXFileReference; lastKnownFileType = sourcecode.c.h; path = AppDelegate.h; sourceTree = "<group>"; };
		B81BFF5319558387002F42E7 /* AppDelegate.m */ = {isa = PBXFileReference; lastKnownFileType = sourcecode.c.objc; path = AppDelegate.m; sourceTree = "<group>"; };
		B81BFF5619558387002F42E7 /* Base */ = {isa = PBXFileReference; lastKnownFileType = file.storyboard; name = Base; path = Base.lproj/Main.storyboard; sourceTree = "<group>"; };
		B81BFF5819558387002F42E7 /* ViewController.h */ = {isa = PBXFileReference; lastKnownFileType = sourcecode.c.h; path = ViewController.h; sourceTree = "<group>"; };
		B81BFF5919558387002F42E7 /* ViewController.m */ = {isa = PBXFileReference; lastKnownFileType = sourcecode.c.objc; path = ViewController.m; sourceTree = "<group>"; };
		B81BFF5B19558387002F42E7 /* Images.xcassets */ = {isa = PBXFileReference; lastKnownFileType = folder.assetcatalog; path = Images.xcassets; sourceTree = "<group>"; };
		B81BFF6119558387002F42E7 /* Happ_viewChange_test5Tests.xctest */ = {isa = PBXFileReference; explicitFileType = wrapper.cfbundle; includeInIndex = 0; path = Happ_viewChange_test5Tests.xctest; sourceTree = BUILT_PRODUCTS_DIR; };
		B81BFF6219558387002F42E7 /* XCTest.framework */ = {isa = PBXFileReference; lastKnownFileType = wrapper.framework; name = XCTest.framework; path = Library/Frameworks/XCTest.framework; sourceTree = DEVELOPER_DIR; };
		B81BFF6A19558387002F42E7 /* Happ_viewChange_test5Tests-Info.plist */ = {isa = PBXFileReference; lastKnownFileType = text.plist.xml; path = "Happ_viewChange_test5Tests-Info.plist"; sourceTree = "<group>"; };
		B81BFF6C19558387002F42E7 /* en */ = {isa = PBXFileReference; lastKnownFileType = text.plist.strings; name = en; path = en.lproj/InfoPlist.strings; sourceTree = "<group>"; };
		B81BFF6E19558387002F42E7 /* Happ_viewChange_test5Tests.m */ = {isa = PBXFileReference; lastKnownFileType = sourcecode.c.objc; path = Happ_viewChange_test5Tests.m; sourceTree = "<group>"; };
		B81BFF78195583B6002F42E7 /* ViewControllerItem1.h */ = {isa = PBXFileReference; fileEncoding = 4; lastKnownFileType = sourcecode.c.h; path = ViewControllerItem1.h; sourceTree = "<group>"; };
		B81BFF79195583B6002F42E7 /* ViewControllerItem1.m */ = {isa = PBXFileReference; fileEncoding = 4; lastKnownFileType = sourcecode.c.objc; path = ViewControllerItem1.m; sourceTree = "<group>"; };
		B81BFF7B195583D3002F42E7 /* ViewControllerItem2.h */ = {isa = PBXFileReference; fileEncoding = 4; lastKnownFileType = sourcecode.c.h; path = ViewControllerItem2.h; sourceTree = "<group>"; };
		B81BFF7C195583D3002F42E7 /* ViewControllerItem2.m */ = {isa = PBXFileReference; fileEncoding = 4; lastKnownFileType = sourcecode.c.objc; path = ViewControllerItem2.m; sourceTree = "<group>"; };
/* End PBXFileReference section */

/* Begin PBXFrameworksBuildPhase section */
		B81BFF3D19558387002F42E7 /* Frameworks */ = {
			isa = PBXFrameworksBuildPhase;
			buildActionMask = 2147483647;
			files = (
				B81BFF4619558387002F42E7 /* CoreGraphics.framework in Frameworks */,
				B81BFF4819558387002F42E7 /* UIKit.framework in Frameworks */,
				B81BFF4419558387002F42E7 /* Foundation.framework in Frameworks */,
			);
			runOnlyForDeploymentPostprocessing = 0;
		};
		B81BFF5E19558387002F42E7 /* Frameworks */ = {
			isa = PBXFrameworksBuildPhase;
			buildActionMask = 2147483647;
			files = (
				B81BFF6319558387002F42E7 /* XCTest.framework in Frameworks */,
				B81BFF6519558387002F42E7 /* UIKit.framework in Frameworks */,
				B81BFF6419558387002F42E7 /* Foundation.framework in Frameworks */,
			);
			runOnlyForDeploymentPostprocessing = 0;
		};
/* End PBXFrameworksBuildPhase section */

/* Begin PBXGroup section */
		B81BFF3719558387002F42E7 = {
			isa = PBXGroup;
			children = (
				B81BFF4919558387002F42E7 /* Happ_viewChange_test5 */,
				B81BFF6819558387002F42E7 /* Happ_viewChange_test5Tests */,
				B81BFF4219558387002F42E7 /* Frameworks */,
				B81BFF4119558387002F42E7 /* Products */,
			);
			sourceTree = "<group>";
		};
		B81BFF4119558387002F42E7 /* Products */ = {
			isa = PBXGroup;
			children = (
				B81BFF4019558387002F42E7 /* Happ_viewChange_test5.app */,
				B81BFF6119558387002F42E7 /* Happ_viewChange_test5Tests.xctest */,
			);
			name = Products;
			sourceTree = "<group>";
		};
		B81BFF4219558387002F42E7 /* Frameworks */ = {
			isa = PBXGroup;
			children = (
				B81BFF4319558387002F42E7 /* Foundation.framework */,
				B81BFF4519558387002F42E7 /* CoreGraphics.framework */,
				B81BFF4719558387002F42E7 /* UIKit.framework */,
				B81BFF6219558387002F42E7 /* XCTest.framework */,
			);
			name = Frameworks;
			sourceTree = "<group>";
		};
		B81BFF4919558387002F42E7 /* Happ_viewChange_test5 */ = {
			isa = PBXGroup;
			children = (
				B81BFF5219558387002F42E7 /* AppDelegate.h */,
				B81BFF5319558387002F42E7 /* AppDelegate.m */,
				B81BFF5519558387002F42E7 /* Main.storyboard */,
				B81BFF7B195583D3002F42E7 /* ViewControllerItem2.h */,
				B81BFF7C195583D3002F42E7 /* ViewControllerItem2.m */,
				B81BFF78195583B6002F42E7 /* ViewControllerItem1.h */,
				B81BFF79195583B6002F42E7 /* ViewControllerItem1.m */,
				B81BFF5819558387002F42E7 /* ViewController.h */,
				B81BFF5919558387002F42E7 /* ViewController.m */,
				B81BFF5B19558387002F42E7 /* Images.xcassets */,
				B81BFF4A19558387002F42E7 /* Supporting Files */,
			);
			path = Happ_viewChange_test5;
			sourceTree = "<group>";
		};
		B81BFF4A19558387002F42E7 /* Supporting Files */ = {
			isa = PBXGroup;
			children = (
				B81BFF4B19558387002F42E7 /* Happ_viewChange_test5-Info.plist */,
				B81BFF4C19558387002F42E7 /* InfoPlist.strings */,
				B81BFF4F19558387002F42E7 /* main.m */,
				B81BFF5119558387002F42E7 /* Happ_viewChange_test5-Prefix.pch */,
			);
			name = "Supporting Files";
			sourceTree = "<group>";
		};
		B81BFF6819558387002F42E7 /* Happ_viewChange_test5Tests */ = {
			isa = PBXGroup;
			children = (
				B81BFF6E19558387002F42E7 /* Happ_viewChange_test5Tests.m */,
				B81BFF6919558387002F42E7 /* Supporting Files */,
			);
			path = Happ_viewChange_test5Tests;
			sourceTree = "<group>";
		};
		B81BFF6919558387002F42E7 /* Supporting Files */ = {
			isa = PBXGroup;
			children = (
				B81BFF6A19558387002F42E7 /* Happ_viewChange_test5Tests-Info.plist */,
				B81BFF6B19558387002F42E7 /* InfoPlist.strings */,
			);
			name = "Supporting Files";
			sourceTree = "<group>";
		};
/* End PBXGroup section */

/* Begin PBXNativeTarget section */
		B81BFF3F19558387002F42E7 /* Happ_viewChange_test5 */ = {
			isa = PBXNativeTarget;
			buildConfigurationList = B81BFF7219558387002F42E7 /* Build configuration list for PBXNativeTarget "Happ_viewChange_test5" */;
			buildPhases = (
				B81BFF3C19558387002F42E7 /* Sources */,
				B81BFF3D19558387002F42E7 /* Frameworks */,
				B81BFF3E19558387002F42E7 /* Resources */,
			);
			buildRules = (
			);
			dependencies = (
			);
			name = Happ_viewChange_test5;
			productName = Happ_viewChange_test5;
			productReference = B81BFF4019558387002F42E7 /* Happ_viewChange_test5.app */;
			productType = "com.apple.product-type.application";
		};
		B81BFF6019558387002F42E7 /* Happ_viewChange_test5Tests */ = {
			isa = PBXNativeTarget;
			buildConfigurationList = B81BFF7519558387002F42E7 /* Build configuration list for PBXNativeTarget "Happ_viewChange_test5Tests" */;
			buildPhases = (
				B81BFF5D19558387002F42E7 /* Sources */,
				B81BFF5E19558387002F42E7 /* Frameworks */,
				B81BFF5F19558387002F42E7 /* Resources */,
			);
			buildRules = (
			);
			dependencies = (
				B81BFF6719558387002F42E7 /* PBXTargetDependency */,
			);
			name = Happ_viewChange_test5Tests;
			productName = Happ_viewChange_test5Tests;
			productReference = B81BFF6119558387002F42E7 /* Happ_viewChange_test5Tests.xctest */;
			productType = "com.apple.product-type.bundle.unit-test";
		};
/* End PBXNativeTarget section */

/* Begin PBXProject section */
		B81BFF3819558387002F42E7 /* Project object */ = {
			isa = PBXProject;
			attributes = {
				LastUpgradeCheck = 0500;
				ORGANIZATIONNAME = tkm03;
				TargetAttributes = {
					B81BFF6019558387002F42E7 = {
						TestTargetID = B81BFF3F19558387002F42E7;
					};
				};
			};
			buildConfigurationList = B81BFF3B19558387002F42E7 /* Build configuration list for PBXProject "Happ_viewChange_test5" */;
			compatibilityVersion = "Xcode 3.2";
			developmentRegion = English;
			hasScannedForEncodings = 0;
			knownRegions = (
				en,
				Base,
			);
			mainGroup = B81BFF3719558387002F42E7;
			productRefGroup = B81BFF4119558387002F42E7 /* Products */;
			projectDirPath = "";
			projectRoot = "";
			targets = (
				B81BFF3F19558387002F42E7 /* Happ_viewChange_test5 */,
				B81BFF6019558387002F42E7 /* Happ_viewChange_test5Tests */,
			);
		};
/* End PBXProject section */

/* Begin PBXResourcesBuildPhase section */
		B81BFF3E19558387002F42E7 /* Resources */ = {
			isa = PBXResourcesBuildPhase;
			buildActionMask = 2147483647;
			files = (
				B81BFF5C19558387002F42E7 /* Images.xcassets in Resources */,
				B81BFF4E19558387002F42E7 /* InfoPlist.strings in Resources */,
				B81BFF5719558387002F42E7 /* Main.storyboard in Resources */,
			);
			runOnlyForDeploymentPostprocessing = 0;
		};
		B81BFF5F19558387002F42E7 /* Resources */ = {
			isa = PBXResourcesBuildPhase;
			buildActionMask = 2147483647;
			files = (
				B81BFF6D19558387002F42E7 /* InfoPlist.strings in Resources */,
			);
			runOnlyForDeploymentPostprocessing = 0;
		};
/* End PBXResourcesBuildPhase section */

/* Begin PBXSourcesBuildPhase section */
		B81BFF3C19558387002F42E7 /* Sources */ = {
			isa = PBXSourcesBuildPhase;
			buildActionMask = 2147483647;
			files = (
				B81BFF7D195583D3002F42E7 /* ViewControllerItem2.m in Sources */,
				B81BFF5A19558387002F42E7 /* ViewController.m in Sources */,
				B81BFF5419558387002F42E7 /* AppDelegate.m in Sources */,
				B81BFF5019558387002F42E7 /* main.m in Sources */,
				B81BFF7A195583B6002F42E7 /* ViewControllerItem1.m in Sources */,
			);
			runOnlyForDeploymentPostprocessing = 0;
		};
		B81BFF5D19558387002F42E7 /* Sources */ = {
			isa = PBXSourcesBuildPhase;
			buildActionMask = 2147483647;
			files = (
				B81BFF6F19558387002F42E7 /* Happ_viewChange_test5Tests.m in Sources */,
			);
			runOnlyForDeploymentPostprocessing = 0;
		};
/* End PBXSourcesBuildPhase section */

/* Begin PBXTargetDependency section */
		B81BFF6719558387002F42E7 /* PBXTargetDependency */ = {
			isa = PBXTargetDependency;
			target = B81BFF3F19558387002F42E7 /* Happ_viewChange_test5 */;
			targetProxy = B81BFF6619558387002F42E7 /* PBXContainerItemProxy */;
		};
/* End PBXTargetDependency section */

/* Begin PBXVariantGroup section */
		B81BFF4C19558387002F42E7 /* InfoPlist.strings */ = {
			isa = PBXVariantGroup;
			children = (
				B81BFF4D19558387002F42E7 /* en */,
			);
			name = InfoPlist.strings;
			sourceTree = "<group>";
		};
		B81BFF5519558387002F42E7 /* Main.storyboard */ = {
			isa = PBXVariantGroup;
			children = (
				B81BFF5619558387002F42E7 /* Base */,
			);
			name = Main.storyboard;
			sourceTree = "<group>";
		};
		B81BFF6B19558387002F42E7 /* InfoPlist.strings */ = {
			isa = PBXVariantGroup;
			children = (
				B81BFF6C19558387002F42E7 /* en */,
			);
			name = InfoPlist.strings;
			sourceTree = "<group>";
		};
/* End PBXVariantGroup section */

/* Begin XCBuildConfiguration section */
		B81BFF7019558387002F42E7 /* Debug */ = {
			isa = XCBuildConfiguration;
			buildSettings = {
				ALWAYS_SEARCH_USER_PATHS = NO;
				ARCHS = "$(ARCHS_STANDARD_INCLUDING_64_BIT)";
				CLANG_CXX_LANGUAGE_STANDARD = "gnu++0x";
				CLANG_CXX_LIBRARY = "libc++";
				CLANG_ENABLE_MODULES = YES;
				CLANG_ENABLE_OBJC_ARC = YES;
				CLANG_WARN_BOOL_CONVERSION = YES;
				CLANG_WARN_CONSTANT_CONVERSION = YES;
				CLANG_WARN_DIRECT_OBJC_ISA_USAGE = YES_ERROR;
				CLANG_WARN_EMPTY_BODY = YES;
				CLANG_WARN_ENUM_CONVERSION = YES;
				CLANG_WARN_INT_CONVERSION = YES;
				CLANG_WARN_OBJC_ROOT_CLASS = YES_ERROR;
				CLANG_WARN__DUPLICATE_METHOD_MATCH = YES;
				"CODE_SIGN_IDENTITY[sdk=iphoneos*]" = "iPhone Developer";
				COPY_PHASE_STRIP = NO;
				GCC_C_LANGUAGE_STANDARD = gnu99;
				GCC_DYNAMIC_NO_PIC = NO;
				GCC_OPTIMIZATION_LEVEL = 0;
				GCC_PREPROCESSOR_DEFINITIONS = (
					"DEBUG=1",
					"$(inherited)",
				);
				GCC_SYMBOLS_PRIVATE_EXTERN = NO;
				GCC_WARN_64_TO_32_BIT_CONVERSION = YES;
				GCC_WARN_ABOUT_RETURN_TYPE = YES_ERROR;
				GCC_WARN_UNDECLARED_SELECTOR = YES;
				GCC_WARN_UNINITIALIZED_AUTOS = YES;
				GCC_WARN_UNUSED_FUNCTION = YES;
				GCC_WARN_UNUSED_VARIABLE = YES;
				IPHONEOS_DEPLOYMENT_TARGET = 7.0;
				ONLY_ACTIVE_ARCH = YES;
				SDKROOT = iphoneos;
			};
			name = Debug;
		};
		B81BFF7119558387002F42E7 /* Release */ = {
			isa = XCBuildConfiguration;
			buildSettings = {
				ALWAYS_SEARCH_USER_PATHS = NO;
				ARCHS = "$(ARCHS_STANDARD_INCLUDING_64_BIT)";
				CLANG_CXX_LANGUAGE_STANDARD = "gnu++0x";
				CLANG_CXX_LIBRARY = "libc++";
				CLANG_ENABLE_MODULES = YES;
				CLANG_ENABLE_OBJC_ARC = YES;
				CLANG_WARN_BOOL_CONVERSION = YES;
				CLANG_WARN_CONSTANT_CONVERSION = YES;
				CLANG_WARN_DIRECT_OBJC_ISA_USAGE = YES_ERROR;
				CLANG_WARN_EMPTY_BODY = YES;
				CLANG_WARN_ENUM_CONVERSION = YES;
				CLANG_WARN_INT_CONVERSION = YES;
				CLANG_WARN_OBJC_ROOT_CLASS = YES_ERROR;
				CLANG_WARN__DUPLICATE_METHOD_MATCH = YES;
				"CODE_SIGN_IDENTITY[sdk=iphoneos*]" = "iPhone Developer";
				COPY_PHASE_STRIP = YES;
				ENABLE_NS_ASSERTIONS = NO;
				GCC_C_LANGUAGE_STANDARD = gnu99;
				GCC_WARN_64_TO_32_BIT_CONVERSION = YES;
				GCC_WARN_ABOUT_RETURN_TYPE = YES_ERROR;
				GCC_WARN_UNDECLARED_SELECTOR = YES;
				GCC_WARN_UNINITIALIZED_AUTOS = YES;
				GCC_WARN_UNUSED_FUNCTION = YES;
				GCC_WARN_UNUSED_VARIABLE = YES;
				IPHONEOS_DEPLOYMENT_TARGET = 7.0;
				SDKROOT = iphoneos;
				VALIDATE_PRODUCT = YES;
			};
			name = Release;
		};
		B81BFF7319558387002F42E7 /* Debug */ = {
			isa = XCBuildConfiguration;
			buildSettings = {
				ASSETCATALOG_COMPILER_APPICON_NAME = AppIcon;
				ASSETCATALOG_COMPILER_LAUNCHIMAGE_NAME = LaunchImage;
				GCC_PRECOMPILE_PREFIX_HEADER = YES;
				GCC_PREFIX_HEADER = "Happ_viewChange_test5/Happ_viewChange_test5-Prefix.pch";
				INFOPLIST_FILE = "Happ_viewChange_test5/Happ_viewChange_test5-Info.plist";
				PRODUCT_NAME = "$(TARGET_NAME)";
				WRAPPER_EXTENSION = app;
			};
			name = Debug;
		};
		B81BFF7419558387002F42E7 /* Release */ = {
			isa = XCBuildConfiguration;
			buildSettings = {
				ASSETCATALOG_COMPILER_APPICON_NAME = AppIcon;
				ASSETCATALOG_COMPILER_LAUNCHIMAGE_NAME = LaunchImage;
				GCC_PRECOMPILE_PREFIX_HEADER = YES;
				GCC_PREFIX_HEADER = "Happ_viewChange_test5/Happ_viewChange_test5-Prefix.pch";
				INFOPLIST_FILE = "Happ_viewChange_test5/Happ_viewChange_test5-Info.plist";
				PRODUCT_NAME = "$(TARGET_NAME)";
				WRAPPER_EXTENSION = app;
			};
			name = Release;
		};
		B81BFF7619558387002F42E7 /* Debug */ = {
			isa = XCBuildConfiguration;
			buildSettings = {
				ARCHS = "$(ARCHS_STANDARD_INCLUDING_64_BIT)";
				BUNDLE_LOADER = "$(BUILT_PRODUCTS_DIR)/Happ_viewChange_test5.app/Happ_viewChange_test5";
				FRAMEWORK_SEARCH_PATHS = (
					"$(SDKROOT)/Developer/Library/Frameworks",
					"$(inherited)",
					"$(DEVELOPER_FRAMEWORKS_DIR)",
				);
				GCC_PRECOMPILE_PREFIX_HEADER = YES;
				GCC_PREFIX_HEADER = "Happ_viewChange_test5/Happ_viewChange_test5-Prefix.pch";
				GCC_PREPROCESSOR_DEFINITIONS = (
					"DEBUG=1",
					"$(inherited)",
				);
				INFOPLIST_FILE = "Happ_viewChange_test5Tests/Happ_viewChange_test5Tests-Info.plist";
				PRODUCT_NAME = "$(TARGET_NAME)";
				TEST_HOST = "$(BUNDLE_LOADER)";
				WRAPPER_EXTENSION = xctest;
			};
			name = Debug;
		};
		B81BFF7719558387002F42E7 /* Release */ = {
			isa = XCBuildConfiguration;
			buildSettings = {
				ARCHS = "$(ARCHS_STANDARD_INCLUDING_64_BIT)";
				BUNDLE_LOADER = "$(BUILT_PRODUCTS_DIR)/Happ_viewChange_test5.app/Happ_viewChange_test5";
				FRAMEWORK_SEARCH_PATHS = (
					"$(SDKROOT)/Developer/Library/Frameworks",
					"$(inherited)",
					"$(DEVELOPER_FRAMEWORKS_DIR)",
				);
				GCC_PRECOMPILE_PREFIX_HEADER = YES;
				GCC_PREFIX_HEADER = "Happ_viewChange_test5/Happ_viewChange_test5-Prefix.pch";
				INFOPLIST_FILE = "Happ_viewChange_test5Tests/Happ_viewChange_test5Tests-Info.plist";
				PRODUCT_NAME = "$(TARGET_NAME)";
				TEST_HOST = "$(BUNDLE_LOADER)";
				WRAPPER_EXTENSION = xctest;
			};
			name = Release;
		};
/* End XCBuildConfiguration section */

/* Begin XCConfigurationList section */
		B81BFF3B19558387002F42E7 /* Build configuration list for PBXProject "Happ_viewChange_test5" */ = {
			isa = XCConfigurationList;
			buildConfigurations = (
				B81BFF7019558387002F42E7 /* Debug */,
				B81BFF7119558387002F42E7 /* Release */,
			);
			defaultConfigurationIsVisible = 0;
			defaultConfigurationName = Release;
		};
		B81BFF7219558387002F42E7 /* Build configuration list for PBXNativeTarget "Happ_viewChange_test5" */ = {
			isa = XCConfigurationList;
			buildConfigurations = (
				B81BFF7319558387002F42E7 /* Debug */,
				B81BFF7419558387002F42E7 /* Release */,
			);
			defaultConfigurationIsVisible = 0;
		};
		B81BFF7519558387002F42E7 /* Build configuration list for PBXNativeTarget "Happ_viewChange_test5Tests" */ = {
			isa = XCConfigurationList;
			buildConfigurations = (
				B81BFF7619558387002F42E7 /* Debug */,
				B81BFF7719558387002F42E7 /* Release */,
			);
			defaultConfigurationIsVisible = 0;
		};
/* End XCConfigurationList section */
	};
	rootObject = B81BFF3819558387002F42E7 /* Project object */;
}
