// !$*UTF8*$!
{
	archiveVersion = 1;
	classes = {
	};
	objectVersion = 46;
	objects = {

/* Begin PBXBuildFile section */
		B8C7B24918C1B67700ACE701 /* Foundation.framework in Frameworks */ = {isa = PBXBuildFile; fileRef = B8C7B24818C1B67700ACE701 /* Foundation.framework */; };
		B8C7B24B18C1B67700ACE701 /* CoreGraphics.framework in Frameworks */ = {isa = PBXBuildFile; fileRef = B8C7B24A18C1B67700ACE701 /* CoreGraphics.framework */; };
		B8C7B24D18C1B67700ACE701 /* UIKit.framework in Frameworks */ = {isa = PBXBuildFile; fileRef = B8C7B24C18C1B67700ACE701 /* UIKit.framework */; };
		B8C7B25318C1B67700ACE701 /* InfoPlist.strings in Resources */ = {isa = PBXBuildFile; fileRef = B8C7B25118C1B67700ACE701 /* InfoPlist.strings */; };
		B8C7B25518C1B67700ACE701 /* main.m in Sources */ = {isa = PBXBuildFile; fileRef = B8C7B25418C1B67700ACE701 /* main.m */; };
		B8C7B25918C1B67700ACE701 /* AppDelegate.m in Sources */ = {isa = PBXBuildFile; fileRef = B8C7B25818C1B67700ACE701 /* AppDelegate.m */; };
		B8C7B25C18C1B67700ACE701 /* Main.storyboard in Resources */ = {isa = PBXBuildFile; fileRef = B8C7B25A18C1B67700ACE701 /* Main.storyboard */; };
		B8C7B25F18C1B67700ACE701 /* ViewController.m in Sources */ = {isa = PBXBuildFile; fileRef = B8C7B25E18C1B67700ACE701 /* ViewController.m */; };
		B8C7B26118C1B67700ACE701 /* Images.xcassets in Resources */ = {isa = PBXBuildFile; fileRef = B8C7B26018C1B67700ACE701 /* Images.xcassets */; };
		B8C7B26818C1B67700ACE701 /* XCTest.framework in Frameworks */ = {isa = PBXBuildFile; fileRef = B8C7B26718C1B67700ACE701 /* XCTest.framework */; };
		B8C7B26918C1B67700ACE701 /* Foundation.framework in Frameworks */ = {isa = PBXBuildFile; fileRef = B8C7B24818C1B67700ACE701 /* Foundation.framework */; };
		B8C7B26A18C1B67700ACE701 /* UIKit.framework in Frameworks */ = {isa = PBXBuildFile; fileRef = B8C7B24C18C1B67700ACE701 /* UIKit.framework */; };
		B8C7B27218C1B67700ACE701 /* InfoPlist.strings in Resources */ = {isa = PBXBuildFile; fileRef = B8C7B27018C1B67700ACE701 /* InfoPlist.strings */; };
		B8C7B27418C1B67700ACE701 /* SQLite_testTests.m in Sources */ = {isa = PBXBuildFile; fileRef = B8C7B27318C1B67700ACE701 /* SQLite_testTests.m */; };
		B8C7B27E18C1B6A000ACE701 /* libsqlite3.0.dylib in Frameworks */ = {isa = PBXBuildFile; fileRef = B8C7B27D18C1B6A000ACE701 /* libsqlite3.0.dylib */; };
/* End PBXBuildFile section */

/* Begin PBXContainerItemProxy section */
		B8C7B26B18C1B67700ACE701 /* PBXContainerItemProxy */ = {
			isa = PBXContainerItemProxy;
			containerPortal = B8C7B23D18C1B67600ACE701 /* Project object */;
			proxyType = 1;
			remoteGlobalIDString = B8C7B24418C1B67700ACE701;
			remoteInfo = SQLite_test;
		};
/* End PBXContainerItemProxy section */

/* Begin PBXFileReference section */
		B8C7B24518C1B67700ACE701 /* SQLite_test.app */ = {isa = PBXFileReference; explicitFileType = wrapper.application; includeInIndex = 0; path = SQLite_test.app; sourceTree = BUILT_PRODUCTS_DIR; };
		B8C7B24818C1B67700ACE701 /* Foundation.framework */ = {isa = PBXFileReference; lastKnownFileType = wrapper.framework; name = Foundation.framework; path = System/Library/Frameworks/Foundation.framework; sourceTree = SDKROOT; };
		B8C7B24A18C1B67700ACE701 /* CoreGraphics.framework */ = {isa = PBXFileReference; lastKnownFileType = wrapper.framework; name = CoreGraphics.framework; path = System/Library/Frameworks/CoreGraphics.framework; sourceTree = SDKROOT; };
		B8C7B24C18C1B67700ACE701 /* UIKit.framework */ = {isa = PBXFileReference; lastKnownFileType = wrapper.framework; name = UIKit.framework; path = System/Library/Frameworks/UIKit.framework; sourceTree = SDKROOT; };
		B8C7B25018C1B67700ACE701 /* SQLite_test-Info.plist */ = {isa = PBXFileReference; lastKnownFileType = text.plist.xml; path = "SQLite_test-Info.plist"; sourceTree = "<group>"; };
		B8C7B25218C1B67700ACE701 /* en */ = {isa = PBXFileReference; lastKnownFileType = text.plist.strings; name = en; path = en.lproj/InfoPlist.strings; sourceTree = "<group>"; };
		B8C7B25418C1B67700ACE701 /* main.m */ = {isa = PBXFileReference; lastKnownFileType = sourcecode.c.objc; path = main.m; sourceTree = "<group>"; };
		B8C7B25618C1B67700ACE701 /* SQLite_test-Prefix.pch */ = {isa = PBXFileReference; lastKnownFileType = sourcecode.c.h; path = "SQLite_test-Prefix.pch"; sourceTree = "<group>"; };
		B8C7B25718C1B67700ACE701 /* AppDelegate.h */ = {isa = PBXFileReference; lastKnownFileType = sourcecode.c.h; path = AppDelegate.h; sourceTree = "<group>"; };
		B8C7B25818C1B67700ACE701 /* AppDelegate.m */ = {isa = PBXFileReference; lastKnownFileType = sourcecode.c.objc; path = AppDelegate.m; sourceTree = "<group>"; };
		B8C7B25B18C1B67700ACE701 /* Base */ = {isa = PBXFileReference; lastKnownFileType = file.storyboard; name = Base; path = Base.lproj/Main.storyboard; sourceTree = "<group>"; };
		B8C7B25D18C1B67700ACE701 /* ViewController.h */ = {isa = PBXFileReference; lastKnownFileType = sourcecode.c.h; path = ViewController.h; sourceTree = "<group>"; };
		B8C7B25E18C1B67700ACE701 /* ViewController.m */ = {isa = PBXFileReference; lastKnownFileType = sourcecode.c.objc; path = ViewController.m; sourceTree = "<group>"; };
		B8C7B26018C1B67700ACE701 /* Images.xcassets */ = {isa = PBXFileReference; lastKnownFileType = folder.assetcatalog; path = Images.xcassets; sourceTree = "<group>"; };
		B8C7B26618C1B67700ACE701 /* SQLite_testTests.xctest */ = {isa = PBXFileReference; explicitFileType = wrapper.cfbundle; includeInIndex = 0; path = SQLite_testTests.xctest; sourceTree = BUILT_PRODUCTS_DIR; };
		B8C7B26718C1B67700ACE701 /* XCTest.framework */ = {isa = PBXFileReference; lastKnownFileType = wrapper.framework; name = XCTest.framework; path = Library/Frameworks/XCTest.framework; sourceTree = DEVELOPER_DIR; };
		B8C7B26F18C1B67700ACE701 /* SQLite_testTests-Info.plist */ = {isa = PBXFileReference; lastKnownFileType = text.plist.xml; path = "SQLite_testTests-Info.plist"; sourceTree = "<group>"; };
		B8C7B27118C1B67700ACE701 /* en */ = {isa = PBXFileReference; lastKnownFileType = text.plist.strings; name = en; path = en.lproj/InfoPlist.strings; sourceTree = "<group>"; };
		B8C7B27318C1B67700ACE701 /* SQLite_testTests.m */ = {isa = PBXFileReference; lastKnownFileType = sourcecode.c.objc; path = SQLite_testTests.m; sourceTree = "<group>"; };
		B8C7B27D18C1B6A000ACE701 /* libsqlite3.0.dylib */ = {isa = PBXFileReference; lastKnownFileType = "compiled.mach-o.dylib"; name = libsqlite3.0.dylib; path = usr/lib/libsqlite3.0.dylib; sourceTree = SDKROOT; };
/* End PBXFileReference section */

/* Begin PBXFrameworksBuildPhase section */
		B8C7B24218C1B67700ACE701 /* Frameworks */ = {
			isa = PBXFrameworksBuildPhase;
			buildActionMask = 2147483647;
			files = (
				B8C7B27E18C1B6A000ACE701 /* libsqlite3.0.dylib in Frameworks */,
				B8C7B24B18C1B67700ACE701 /* CoreGraphics.framework in Frameworks */,
				B8C7B24D18C1B67700ACE701 /* UIKit.framework in Frameworks */,
				B8C7B24918C1B67700ACE701 /* Foundation.framework in Frameworks */,
			);
			runOnlyForDeploymentPostprocessing = 0;
		};
		B8C7B26318C1B67700ACE701 /* Frameworks */ = {
			isa = PBXFrameworksBuildPhase;
			buildActionMask = 2147483647;
			files = (
				B8C7B26818C1B67700ACE701 /* XCTest.framework in Frameworks */,
				B8C7B26A18C1B67700ACE701 /* UIKit.framework in Frameworks */,
				B8C7B26918C1B67700ACE701 /* Foundation.framework in Frameworks */,
			);
			runOnlyForDeploymentPostprocessing = 0;
		};
/* End PBXFrameworksBuildPhase section */

/* Begin PBXGroup section */
		B8C7B23C18C1B67600ACE701 = {
			isa = PBXGroup;
			children = (
				B8C7B24E18C1B67700ACE701 /* SQLite_test */,
				B8C7B26D18C1B67700ACE701 /* SQLite_testTests */,
				B8C7B24718C1B67700ACE701 /* Frameworks */,
				B8C7B24618C1B67700ACE701 /* Products */,
			);
			sourceTree = "<group>";
		};
		B8C7B24618C1B67700ACE701 /* Products */ = {
			isa = PBXGroup;
			children = (
				B8C7B24518C1B67700ACE701 /* SQLite_test.app */,
				B8C7B26618C1B67700ACE701 /* SQLite_testTests.xctest */,
			);
			name = Products;
			sourceTree = "<group>";
		};
		B8C7B24718C1B67700ACE701 /* Frameworks */ = {
			isa = PBXGroup;
			children = (
				B8C7B27D18C1B6A000ACE701 /* libsqlite3.0.dylib */,
				B8C7B24818C1B67700ACE701 /* Foundation.framework */,
				B8C7B24A18C1B67700ACE701 /* CoreGraphics.framework */,
				B8C7B24C18C1B67700ACE701 /* UIKit.framework */,
				B8C7B26718C1B67700ACE701 /* XCTest.framework */,
			);
			name = Frameworks;
			sourceTree = "<group>";
		};
		B8C7B24E18C1B67700ACE701 /* SQLite_test */ = {
			isa = PBXGroup;
			children = (
				B8C7B25718C1B67700ACE701 /* AppDelegate.h */,
				B8C7B25818C1B67700ACE701 /* AppDelegate.m */,
				B8C7B25A18C1B67700ACE701 /* Main.storyboard */,
				B8C7B25D18C1B67700ACE701 /* ViewController.h */,
				B8C7B25E18C1B67700ACE701 /* ViewController.m */,
				B8C7B26018C1B67700ACE701 /* Images.xcassets */,
				B8C7B24F18C1B67700ACE701 /* Supporting Files */,
			);
			path = SQLite_test;
			sourceTree = "<group>";
		};
		B8C7B24F18C1B67700ACE701 /* Supporting Files */ = {
			isa = PBXGroup;
			children = (
				B8C7B25018C1B67700ACE701 /* SQLite_test-Info.plist */,
				B8C7B25118C1B67700ACE701 /* InfoPlist.strings */,
				B8C7B25418C1B67700ACE701 /* main.m */,
				B8C7B25618C1B67700ACE701 /* SQLite_test-Prefix.pch */,
			);
			name = "Supporting Files";
			sourceTree = "<group>";
		};
		B8C7B26D18C1B67700ACE701 /* SQLite_testTests */ = {
			isa = PBXGroup;
			children = (
				B8C7B27318C1B67700ACE701 /* SQLite_testTests.m */,
				B8C7B26E18C1B67700ACE701 /* Supporting Files */,
			);
			path = SQLite_testTests;
			sourceTree = "<group>";
		};
		B8C7B26E18C1B67700ACE701 /* Supporting Files */ = {
			isa = PBXGroup;
			children = (
				B8C7B26F18C1B67700ACE701 /* SQLite_testTests-Info.plist */,
				B8C7B27018C1B67700ACE701 /* InfoPlist.strings */,
			);
			name = "Supporting Files";
			sourceTree = "<group>";
		};
/* End PBXGroup section */

/* Begin PBXNativeTarget section */
		B8C7B24418C1B67700ACE701 /* SQLite_test */ = {
			isa = PBXNativeTarget;
			buildConfigurationList = B8C7B27718C1B67700ACE701 /* Build configuration list for PBXNativeTarget "SQLite_test" */;
			buildPhases = (
				B8C7B24118C1B67700ACE701 /* Sources */,
				B8C7B24218C1B67700ACE701 /* Frameworks */,
				B8C7B24318C1B67700ACE701 /* Resources */,
			);
			buildRules = (
			);
			dependencies = (
			);
			name = SQLite_test;
			productName = SQLite_test;
			productReference = B8C7B24518C1B67700ACE701 /* SQLite_test.app */;
			productType = "com.apple.product-type.application";
		};
		B8C7B26518C1B67700ACE701 /* SQLite_testTests */ = {
			isa = PBXNativeTarget;
			buildConfigurationList = B8C7B27A18C1B67700ACE701 /* Build configuration list for PBXNativeTarget "SQLite_testTests" */;
			buildPhases = (
				B8C7B26218C1B67700ACE701 /* Sources */,
				B8C7B26318C1B67700ACE701 /* Frameworks */,
				B8C7B26418C1B67700ACE701 /* Resources */,
			);
			buildRules = (
			);
			dependencies = (
				B8C7B26C18C1B67700ACE701 /* PBXTargetDependency */,
			);
			name = SQLite_testTests;
			productName = SQLite_testTests;
			productReference = B8C7B26618C1B67700ACE701 /* SQLite_testTests.xctest */;
			productType = "com.apple.product-type.bundle.unit-test";
		};
/* End PBXNativeTarget section */

/* Begin PBXProject section */
		B8C7B23D18C1B67600ACE701 /* Project object */ = {
			isa = PBXProject;
			attributes = {
				LastUpgradeCheck = 0500;
				ORGANIZATIONNAME = tkm03;
				TargetAttributes = {
					B8C7B26518C1B67700ACE701 = {
						TestTargetID = B8C7B24418C1B67700ACE701;
					};
				};
			};
			buildConfigurationList = B8C7B24018C1B67600ACE701 /* Build configuration list for PBXProject "SQLite_test" */;
			compatibilityVersion = "Xcode 3.2";
			developmentRegion = English;
			hasScannedForEncodings = 0;
			knownRegions = (
				en,
				Base,
			);
			mainGroup = B8C7B23C18C1B67600ACE701;
			productRefGroup = B8C7B24618C1B67700ACE701 /* Products */;
			projectDirPath = "";
			projectRoot = "";
			targets = (
				B8C7B24418C1B67700ACE701 /* SQLite_test */,
				B8C7B26518C1B67700ACE701 /* SQLite_testTests */,
			);
		};
/* End PBXProject section */

/* Begin PBXResourcesBuildPhase section */
		B8C7B24318C1B67700ACE701 /* Resources */ = {
			isa = PBXResourcesBuildPhase;
			buildActionMask = 2147483647;
			files = (
				B8C7B26118C1B67700ACE701 /* Images.xcassets in Resources */,
				B8C7B25318C1B67700ACE701 /* InfoPlist.strings in Resources */,
				B8C7B25C18C1B67700ACE701 /* Main.storyboard in Resources */,
			);
			runOnlyForDeploymentPostprocessing = 0;
		};
		B8C7B26418C1B67700ACE701 /* Resources */ = {
			isa = PBXResourcesBuildPhase;
			buildActionMask = 2147483647;
			files = (
				B8C7B27218C1B67700ACE701 /* InfoPlist.strings in Resources */,
			);
			runOnlyForDeploymentPostprocessing = 0;
		};
/* End PBXResourcesBuildPhase section */

/* Begin PBXSourcesBuildPhase section */
		B8C7B24118C1B67700ACE701 /* Sources */ = {
			isa = PBXSourcesBuildPhase;
			buildActionMask = 2147483647;
			files = (
				B8C7B25F18C1B67700ACE701 /* ViewController.m in Sources */,
				B8C7B25918C1B67700ACE701 /* AppDelegate.m in Sources */,
				B8C7B25518C1B67700ACE701 /* main.m in Sources */,
			);
			runOnlyForDeploymentPostprocessing = 0;
		};
		B8C7B26218C1B67700ACE701 /* Sources */ = {
			isa = PBXSourcesBuildPhase;
			buildActionMask = 2147483647;
			files = (
				B8C7B27418C1B67700ACE701 /* SQLite_testTests.m in Sources */,
			);
			runOnlyForDeploymentPostprocessing = 0;
		};
/* End PBXSourcesBuildPhase section */

/* Begin PBXTargetDependency section */
		B8C7B26C18C1B67700ACE701 /* PBXTargetDependency */ = {
			isa = PBXTargetDependency;
			target = B8C7B24418C1B67700ACE701 /* SQLite_test */;
			targetProxy = B8C7B26B18C1B67700ACE701 /* PBXContainerItemProxy */;
		};
/* End PBXTargetDependency section */

/* Begin PBXVariantGroup section */
		B8C7B25118C1B67700ACE701 /* InfoPlist.strings */ = {
			isa = PBXVariantGroup;
			children = (
				B8C7B25218C1B67700ACE701 /* en */,
			);
			name = InfoPlist.strings;
			sourceTree = "<group>";
		};
		B8C7B25A18C1B67700ACE701 /* Main.storyboard */ = {
			isa = PBXVariantGroup;
			children = (
				B8C7B25B18C1B67700ACE701 /* Base */,
			);
			name = Main.storyboard;
			sourceTree = "<group>";
		};
		B8C7B27018C1B67700ACE701 /* InfoPlist.strings */ = {
			isa = PBXVariantGroup;
			children = (
				B8C7B27118C1B67700ACE701 /* en */,
			);
			name = InfoPlist.strings;
			sourceTree = "<group>";
		};
/* End PBXVariantGroup section */

/* Begin XCBuildConfiguration section */
		B8C7B27518C1B67700ACE701 /* Debug */ = {
			isa = XCBuildConfiguration;
			buildSettings = {
				ALWAYS_SEARCH_USER_PATHS = NO;
				ARCHS = "$(ARCHS_STANDARD_INCLUDING_64_BIT)";
				CLANG_CXX_LANGUAGE_STANDARD = "gnu++0x";
				CLANG_CXX_LIBRARY = "libc++";
				CLANG_ENABLE_MODULES = YES;
				CLANG_ENABLE_OBJC_ARC = YES;
				CLANG_WARN_BOOL_CONVERSION = YES;
				CLANG_WARN_CONSTANT_CONVERSION = YES;
				CLANG_WARN_DIRECT_OBJC_ISA_USAGE = YES_ERROR;
				CLANG_WARN_EMPTY_BODY = YES;
				CLANG_WARN_ENUM_CONVERSION = YES;
				CLANG_WARN_INT_CONVERSION = YES;
				CLANG_WARN_OBJC_ROOT_CLASS = YES_ERROR;
				CLANG_WARN__DUPLICATE_METHOD_MATCH = YES;
				"CODE_SIGN_IDENTITY[sdk=iphoneos*]" = "iPhone Developer";
				COPY_PHASE_STRIP = NO;
				GCC_C_LANGUAGE_STANDARD = gnu99;
				GCC_DYNAMIC_NO_PIC = NO;
				GCC_OPTIMIZATION_LEVEL = 0;
				GCC_PREPROCESSOR_DEFINITIONS = (
					"DEBUG=1",
					"$(inherited)",
				);
				GCC_SYMBOLS_PRIVATE_EXTERN = NO;
				GCC_WARN_64_TO_32_BIT_CONVERSION = YES;
				GCC_WARN_ABOUT_RETURN_TYPE = YES_ERROR;
				GCC_WARN_UNDECLARED_SELECTOR = YES;
				GCC_WARN_UNINITIALIZED_AUTOS = YES;
				GCC_WARN_UNUSED_FUNCTION = YES;
				GCC_WARN_UNUSED_VARIABLE = YES;
				IPHONEOS_DEPLOYMENT_TARGET = 7.0;
				ONLY_ACTIVE_ARCH = YES;
				SDKROOT = iphoneos;
			};
			name = Debug;
		};
		B8C7B27618C1B67700ACE701 /* Release */ = {
			isa = XCBuildConfiguration;
			buildSettings = {
				ALWAYS_SEARCH_USER_PATHS = NO;
				ARCHS = "$(ARCHS_STANDARD_INCLUDING_64_BIT)";
				CLANG_CXX_LANGUAGE_STANDARD = "gnu++0x";
				CLANG_CXX_LIBRARY = "libc++";
				CLANG_ENABLE_MODULES = YES;
				CLANG_ENABLE_OBJC_ARC = YES;
				CLANG_WARN_BOOL_CONVERSION = YES;
				CLANG_WARN_CONSTANT_CONVERSION = YES;
				CLANG_WARN_DIRECT_OBJC_ISA_USAGE = YES_ERROR;
				CLANG_WARN_EMPTY_BODY = YES;
				CLANG_WARN_ENUM_CONVERSION = YES;
				CLANG_WARN_INT_CONVERSION = YES;
				CLANG_WARN_OBJC_ROOT_CLASS = YES_ERROR;
				CLANG_WARN__DUPLICATE_METHOD_MATCH = YES;
				"CODE_SIGN_IDENTITY[sdk=iphoneos*]" = "iPhone Developer";
				COPY_PHASE_STRIP = YES;
				ENABLE_NS_ASSERTIONS = NO;
				GCC_C_LANGUAGE_STANDARD = gnu99;
				GCC_WARN_64_TO_32_BIT_CONVERSION = YES;
				GCC_WARN_ABOUT_RETURN_TYPE = YES_ERROR;
				GCC_WARN_UNDECLARED_SELECTOR = YES;
				GCC_WARN_UNINITIALIZED_AUTOS = YES;
				GCC_WARN_UNUSED_FUNCTION = YES;
				GCC_WARN_UNUSED_VARIABLE = YES;
				IPHONEOS_DEPLOYMENT_TARGET = 7.0;
				SDKROOT = iphoneos;
				VALIDATE_PRODUCT = YES;
			};
			name = Release;
		};
		B8C7B27818C1B67700ACE701 /* Debug */ = {
			isa = XCBuildConfiguration;
			buildSettings = {
				ASSETCATALOG_COMPILER_APPICON_NAME = AppIcon;
				ASSETCATALOG_COMPILER_LAUNCHIMAGE_NAME = LaunchImage;
				GCC_PRECOMPILE_PREFIX_HEADER = YES;
				GCC_PREFIX_HEADER = "SQLite_test/SQLite_test-Prefix.pch";
				INFOPLIST_FILE = "SQLite_test/SQLite_test-Info.plist";
				PRODUCT_NAME = "$(TARGET_NAME)";
				WRAPPER_EXTENSION = app;
			};
			name = Debug;
		};
		B8C7B27918C1B67700ACE701 /* Release */ = {
			isa = XCBuildConfiguration;
			buildSettings = {
				ASSETCATALOG_COMPILER_APPICON_NAME = AppIcon;
				ASSETCATALOG_COMPILER_LAUNCHIMAGE_NAME = LaunchImage;
				GCC_PRECOMPILE_PREFIX_HEADER = YES;
				GCC_PREFIX_HEADER = "SQLite_test/SQLite_test-Prefix.pch";
				INFOPLIST_FILE = "SQLite_test/SQLite_test-Info.plist";
				PRODUCT_NAME = "$(TARGET_NAME)";
				WRAPPER_EXTENSION = app;
			};
			name = Release;
		};
		B8C7B27B18C1B67700ACE701 /* Debug */ = {
			isa = XCBuildConfiguration;
			buildSettings = {
				ARCHS = "$(ARCHS_STANDARD_INCLUDING_64_BIT)";
				BUNDLE_LOADER = "$(BUILT_PRODUCTS_DIR)/SQLite_test.app/SQLite_test";
				FRAMEWORK_SEARCH_PATHS = (
					"$(SDKROOT)/Developer/Library/Frameworks",
					"$(inherited)",
					"$(DEVELOPER_FRAMEWORKS_DIR)",
				);
				GCC_PRECOMPILE_PREFIX_HEADER = YES;
				GCC_PREFIX_HEADER = "SQLite_test/SQLite_test-Prefix.pch";
				GCC_PREPROCESSOR_DEFINITIONS = (
					"DEBUG=1",
					"$(inherited)",
				);
				INFOPLIST_FILE = "SQLite_testTests/SQLite_testTests-Info.plist";
				PRODUCT_NAME = "$(TARGET_NAME)";
				TEST_HOST = "$(BUNDLE_LOADER)";
				WRAPPER_EXTENSION = xctest;
			};
			name = Debug;
		};
		B8C7B27C18C1B67700ACE701 /* Release */ = {
			isa = XCBuildConfiguration;
			buildSettings = {
				ARCHS = "$(ARCHS_STANDARD_INCLUDING_64_BIT)";
				BUNDLE_LOADER = "$(BUILT_PRODUCTS_DIR)/SQLite_test.app/SQLite_test";
				FRAMEWORK_SEARCH_PATHS = (
					"$(SDKROOT)/Developer/Library/Frameworks",
					"$(inherited)",
					"$(DEVELOPER_FRAMEWORKS_DIR)",
				);
				GCC_PRECOMPILE_PREFIX_HEADER = YES;
				GCC_PREFIX_HEADER = "SQLite_test/SQLite_test-Prefix.pch";
				INFOPLIST_FILE = "SQLite_testTests/SQLite_testTests-Info.plist";
				PRODUCT_NAME = "$(TARGET_NAME)";
				TEST_HOST = "$(BUNDLE_LOADER)";
				WRAPPER_EXTENSION = xctest;
			};
			name = Release;
		};
/* End XCBuildConfiguration section */

/* Begin XCConfigurationList section */
		B8C7B24018C1B67600ACE701 /* Build configuration list for PBXProject "SQLite_test" */ = {
			isa = XCConfigurationList;
			buildConfigurations = (
				B8C7B27518C1B67700ACE701 /* Debug */,
				B8C7B27618C1B67700ACE701 /* Release */,
			);
			defaultConfigurationIsVisible = 0;
			defaultConfigurationName = Release;
		};
		B8C7B27718C1B67700ACE701 /* Build configuration list for PBXNativeTarget "SQLite_test" */ = {
			isa = XCConfigurationList;
			buildConfigurations = (
				B8C7B27818C1B67700ACE701 /* Debug */,
				B8C7B27918C1B67700ACE701 /* Release */,
			);
			defaultConfigurationIsVisible = 0;
		};
		B8C7B27A18C1B67700ACE701 /* Build configuration list for PBXNativeTarget "SQLite_testTests" */ = {
			isa = XCConfigurationList;
			buildConfigurations = (
				B8C7B27B18C1B67700ACE701 /* Debug */,
				B8C7B27C18C1B67700ACE701 /* Release */,
			);
			defaultConfigurationIsVisible = 0;
		};
/* End XCConfigurationList section */
	};
	rootObject = B8C7B23D18C1B67600ACE701 /* Project object */;
}
