// !$*UTF8*$!
{
	archiveVersion = 1;
	classes = {
	};
	objectVersion = 46;
	objects = {

/* Begin PBXBuildFile section */
		F10B08F718A118E200B049EB /* Foundation.framework in Frameworks */ = {isa = PBXBuildFile; fileRef = F10B08F618A118E200B049EB /* Foundation.framework */; };
		F10B08F918A118E200B049EB /* CoreGraphics.framework in Frameworks */ = {isa = PBXBuildFile; fileRef = F10B08F818A118E200B049EB /* CoreGraphics.framework */; };
		F10B08FB18A118E200B049EB /* UIKit.framework in Frameworks */ = {isa = PBXBuildFile; fileRef = F10B08FA18A118E200B049EB /* UIKit.framework */; };
		F10B090118A118E200B049EB /* InfoPlist.strings in Resources */ = {isa = PBXBuildFile; fileRef = F10B08FF18A118E200B049EB /* InfoPlist.strings */; };
		F10B090318A118E200B049EB /* main.m in Sources */ = {isa = PBXBuildFile; fileRef = F10B090218A118E200B049EB /* main.m */; };
		F10B090718A118E200B049EB /* AppDelegate.m in Sources */ = {isa = PBXBuildFile; fileRef = F10B090618A118E200B049EB /* AppDelegate.m */; };
		F10B090A18A118E200B049EB /* Main.storyboard in Resources */ = {isa = PBXBuildFile; fileRef = F10B090818A118E200B049EB /* Main.storyboard */; };
		F10B090D18A118E200B049EB /* ViewController.m in Sources */ = {isa = PBXBuildFile; fileRef = F10B090C18A118E200B049EB /* ViewController.m */; };
		F10B090F18A118E200B049EB /* Images.xcassets in Resources */ = {isa = PBXBuildFile; fileRef = F10B090E18A118E200B049EB /* Images.xcassets */; };
		F10B091618A118E200B049EB /* XCTest.framework in Frameworks */ = {isa = PBXBuildFile; fileRef = F10B091518A118E200B049EB /* XCTest.framework */; };
		F10B091718A118E200B049EB /* Foundation.framework in Frameworks */ = {isa = PBXBuildFile; fileRef = F10B08F618A118E200B049EB /* Foundation.framework */; };
		F10B091818A118E200B049EB /* UIKit.framework in Frameworks */ = {isa = PBXBuildFile; fileRef = F10B08FA18A118E200B049EB /* UIKit.framework */; };
		F10B092018A118E200B049EB /* InfoPlist.strings in Resources */ = {isa = PBXBuildFile; fileRef = F10B091E18A118E200B049EB /* InfoPlist.strings */; };
		F10B092218A118E200B049EB /* Happ_timeMeasureTests.m in Sources */ = {isa = PBXBuildFile; fileRef = F10B092118A118E200B049EB /* Happ_timeMeasureTests.m */; };
/* End PBXBuildFile section */

/* Begin PBXContainerItemProxy section */
		F10B091918A118E200B049EB /* PBXContainerItemProxy */ = {
			isa = PBXContainerItemProxy;
			containerPortal = F10B08EB18A118E100B049EB /* Project object */;
			proxyType = 1;
			remoteGlobalIDString = F10B08F218A118E200B049EB;
			remoteInfo = Happ_timeMeasure;
		};
/* End PBXContainerItemProxy section */

/* Begin PBXFileReference section */
		F10B08F318A118E200B049EB /* Happ_timeMeasure.app */ = {isa = PBXFileReference; explicitFileType = wrapper.application; includeInIndex = 0; path = Happ_timeMeasure.app; sourceTree = BUILT_PRODUCTS_DIR; };
		F10B08F618A118E200B049EB /* Foundation.framework */ = {isa = PBXFileReference; lastKnownFileType = wrapper.framework; name = Foundation.framework; path = System/Library/Frameworks/Foundation.framework; sourceTree = SDKROOT; };
		F10B08F818A118E200B049EB /* CoreGraphics.framework */ = {isa = PBXFileReference; lastKnownFileType = wrapper.framework; name = CoreGraphics.framework; path = System/Library/Frameworks/CoreGraphics.framework; sourceTree = SDKROOT; };
		F10B08FA18A118E200B049EB /* UIKit.framework */ = {isa = PBXFileReference; lastKnownFileType = wrapper.framework; name = UIKit.framework; path = System/Library/Frameworks/UIKit.framework; sourceTree = SDKROOT; };
		F10B08FE18A118E200B049EB /* Happ_timeMeasure-Info.plist */ = {isa = PBXFileReference; lastKnownFileType = text.plist.xml; path = "Happ_timeMeasure-Info.plist"; sourceTree = "<group>"; };
		F10B090018A118E200B049EB /* en */ = {isa = PBXFileReference; lastKnownFileType = text.plist.strings; name = en; path = en.lproj/InfoPlist.strings; sourceTree = "<group>"; };
		F10B090218A118E200B049EB /* main.m */ = {isa = PBXFileReference; lastKnownFileType = sourcecode.c.objc; path = main.m; sourceTree = "<group>"; };
		F10B090418A118E200B049EB /* Happ_timeMeasure-Prefix.pch */ = {isa = PBXFileReference; lastKnownFileType = sourcecode.c.h; path = "Happ_timeMeasure-Prefix.pch"; sourceTree = "<group>"; };
		F10B090518A118E200B049EB /* AppDelegate.h */ = {isa = PBXFileReference; lastKnownFileType = sourcecode.c.h; path = AppDelegate.h; sourceTree = "<group>"; };
		F10B090618A118E200B049EB /* AppDelegate.m */ = {isa = PBXFileReference; lastKnownFileType = sourcecode.c.objc; path = AppDelegate.m; sourceTree = "<group>"; };
		F10B090918A118E200B049EB /* Base */ = {isa = PBXFileReference; lastKnownFileType = file.storyboard; name = Base; path = Base.lproj/Main.storyboard; sourceTree = "<group>"; };
		F10B090B18A118E200B049EB /* ViewController.h */ = {isa = PBXFileReference; lastKnownFileType = sourcecode.c.h; path = ViewController.h; sourceTree = "<group>"; };
		F10B090C18A118E200B049EB /* ViewController.m */ = {isa = PBXFileReference; lastKnownFileType = sourcecode.c.objc; path = ViewController.m; sourceTree = "<group>"; };
		F10B090E18A118E200B049EB /* Images.xcassets */ = {isa = PBXFileReference; lastKnownFileType = folder.assetcatalog; path = Images.xcassets; sourceTree = "<group>"; };
		F10B091418A118E200B049EB /* Happ_timeMeasureTests.xctest */ = {isa = PBXFileReference; explicitFileType = wrapper.cfbundle; includeInIndex = 0; path = Happ_timeMeasureTests.xctest; sourceTree = BUILT_PRODUCTS_DIR; };
		F10B091518A118E200B049EB /* XCTest.framework */ = {isa = PBXFileReference; lastKnownFileType = wrapper.framework; name = XCTest.framework; path = Library/Frameworks/XCTest.framework; sourceTree = DEVELOPER_DIR; };
		F10B091D18A118E200B049EB /* Happ_timeMeasureTests-Info.plist */ = {isa = PBXFileReference; lastKnownFileType = text.plist.xml; path = "Happ_timeMeasureTests-Info.plist"; sourceTree = "<group>"; };
		F10B091F18A118E200B049EB /* en */ = {isa = PBXFileReference; lastKnownFileType = text.plist.strings; name = en; path = en.lproj/InfoPlist.strings; sourceTree = "<group>"; };
		F10B092118A118E200B049EB /* Happ_timeMeasureTests.m */ = {isa = PBXFileReference; lastKnownFileType = sourcecode.c.objc; path = Happ_timeMeasureTests.m; sourceTree = "<group>"; };
		F174764B18A3BE0400181D82 /* CoreData.framework */ = {isa = PBXFileReference; lastKnownFileType = wrapper.framework; name = CoreData.framework; path = System/Library/Frameworks/CoreData.framework; sourceTree = SDKROOT; };
/* End PBXFileReference section */

/* Begin PBXFrameworksBuildPhase section */
		F10B08F018A118E200B049EB /* Frameworks */ = {
			isa = PBXFrameworksBuildPhase;
			buildActionMask = 2147483647;
			files = (
				F10B08F918A118E200B049EB /* CoreGraphics.framework in Frameworks */,
				F10B08FB18A118E200B049EB /* UIKit.framework in Frameworks */,
				F10B08F718A118E200B049EB /* Foundation.framework in Frameworks */,
			);
			runOnlyForDeploymentPostprocessing = 0;
		};
		F10B091118A118E200B049EB /* Frameworks */ = {
			isa = PBXFrameworksBuildPhase;
			buildActionMask = 2147483647;
			files = (
				F10B091618A118E200B049EB /* XCTest.framework in Frameworks */,
				F10B091818A118E200B049EB /* UIKit.framework in Frameworks */,
				F10B091718A118E200B049EB /* Foundation.framework in Frameworks */,
			);
			runOnlyForDeploymentPostprocessing = 0;
		};
/* End PBXFrameworksBuildPhase section */

/* Begin PBXGroup section */
		F10B08EA18A118E100B049EB = {
			isa = PBXGroup;
			children = (
				F10B08FC18A118E200B049EB /* Happ_timeMeasure */,
				F10B091B18A118E200B049EB /* Happ_timeMeasureTests */,
				F10B08F518A118E200B049EB /* Frameworks */,
				F10B08F418A118E200B049EB /* Products */,
			);
			sourceTree = "<group>";
		};
		F10B08F418A118E200B049EB /* Products */ = {
			isa = PBXGroup;
			children = (
				F10B08F318A118E200B049EB /* Happ_timeMeasure.app */,
				F10B091418A118E200B049EB /* Happ_timeMeasureTests.xctest */,
			);
			name = Products;
			sourceTree = "<group>";
		};
		F10B08F518A118E200B049EB /* Frameworks */ = {
			isa = PBXGroup;
			children = (
				F174764B18A3BE0400181D82 /* CoreData.framework */,
				F10B08F618A118E200B049EB /* Foundation.framework */,
				F10B08F818A118E200B049EB /* CoreGraphics.framework */,
				F10B08FA18A118E200B049EB /* UIKit.framework */,
				F10B091518A118E200B049EB /* XCTest.framework */,
			);
			name = Frameworks;
			sourceTree = "<group>";
		};
		F10B08FC18A118E200B049EB /* Happ_timeMeasure */ = {
			isa = PBXGroup;
			children = (
				F10B090518A118E200B049EB /* AppDelegate.h */,
				F10B090618A118E200B049EB /* AppDelegate.m */,
				F10B090818A118E200B049EB /* Main.storyboard */,
				F10B090B18A118E200B049EB /* ViewController.h */,
				F10B090C18A118E200B049EB /* ViewController.m */,
				F10B090E18A118E200B049EB /* Images.xcassets */,
				F10B08FD18A118E200B049EB /* Supporting Files */,
			);
			path = Happ_timeMeasure;
			sourceTree = "<group>";
		};
		F10B08FD18A118E200B049EB /* Supporting Files */ = {
			isa = PBXGroup;
			children = (
				F10B08FE18A118E200B049EB /* Happ_timeMeasure-Info.plist */,
				F10B08FF18A118E200B049EB /* InfoPlist.strings */,
				F10B090218A118E200B049EB /* main.m */,
				F10B090418A118E200B049EB /* Happ_timeMeasure-Prefix.pch */,
			);
			name = "Supporting Files";
			sourceTree = "<group>";
		};
		F10B091B18A118E200B049EB /* Happ_timeMeasureTests */ = {
			isa = PBXGroup;
			children = (
				F10B092118A118E200B049EB /* Happ_timeMeasureTests.m */,
				F10B091C18A118E200B049EB /* Supporting Files */,
			);
			path = Happ_timeMeasureTests;
			sourceTree = "<group>";
		};
		F10B091C18A118E200B049EB /* Supporting Files */ = {
			isa = PBXGroup;
			children = (
				F10B091D18A118E200B049EB /* Happ_timeMeasureTests-Info.plist */,
				F10B091E18A118E200B049EB /* InfoPlist.strings */,
			);
			name = "Supporting Files";
			sourceTree = "<group>";
		};
/* End PBXGroup section */

/* Begin PBXNativeTarget section */
		F10B08F218A118E200B049EB /* Happ_timeMeasure */ = {
			isa = PBXNativeTarget;
			buildConfigurationList = F10B092518A118E200B049EB /* Build configuration list for PBXNativeTarget "Happ_timeMeasure" */;
			buildPhases = (
				F10B08EF18A118E200B049EB /* Sources */,
				F10B08F018A118E200B049EB /* Frameworks */,
				F10B08F118A118E200B049EB /* Resources */,
			);
			buildRules = (
			);
			dependencies = (
			);
			name = Happ_timeMeasure;
			productName = Happ_timeMeasure;
			productReference = F10B08F318A118E200B049EB /* Happ_timeMeasure.app */;
			productType = "com.apple.product-type.application";
		};
		F10B091318A118E200B049EB /* Happ_timeMeasureTests */ = {
			isa = PBXNativeTarget;
			buildConfigurationList = F10B092818A118E200B049EB /* Build configuration list for PBXNativeTarget "Happ_timeMeasureTests" */;
			buildPhases = (
				F10B091018A118E200B049EB /* Sources */,
				F10B091118A118E200B049EB /* Frameworks */,
				F10B091218A118E200B049EB /* Resources */,
			);
			buildRules = (
			);
			dependencies = (
				F10B091A18A118E200B049EB /* PBXTargetDependency */,
			);
			name = Happ_timeMeasureTests;
			productName = Happ_timeMeasureTests;
			productReference = F10B091418A118E200B049EB /* Happ_timeMeasureTests.xctest */;
			productType = "com.apple.product-type.bundle.unit-test";
		};
/* End PBXNativeTarget section */

/* Begin PBXProject section */
		F10B08EB18A118E100B049EB /* Project object */ = {
			isa = PBXProject;
			attributes = {
				LastUpgradeCheck = 0500;
				ORGANIZATIONNAME = "卓馬";
				TargetAttributes = {
					F10B091318A118E200B049EB = {
						TestTargetID = F10B08F218A118E200B049EB;
					};
				};
			};
			buildConfigurationList = F10B08EE18A118E100B049EB /* Build configuration list for PBXProject "Happ_timeMeasure" */;
			compatibilityVersion = "Xcode 3.2";
			developmentRegion = English;
			hasScannedForEncodings = 0;
			knownRegions = (
				en,
				Base,
			);
			mainGroup = F10B08EA18A118E100B049EB;
			productRefGroup = F10B08F418A118E200B049EB /* Products */;
			projectDirPath = "";
			projectRoot = "";
			targets = (
				F10B08F218A118E200B049EB /* Happ_timeMeasure */,
				F10B091318A118E200B049EB /* Happ_timeMeasureTests */,
			);
		};
/* End PBXProject section */

/* Begin PBXResourcesBuildPhase section */
		F10B08F118A118E200B049EB /* Resources */ = {
			isa = PBXResourcesBuildPhase;
			buildActionMask = 2147483647;
			files = (
				F10B090F18A118E200B049EB /* Images.xcassets in Resources */,
				F10B090118A118E200B049EB /* InfoPlist.strings in Resources */,
				F10B090A18A118E200B049EB /* Main.storyboard in Resources */,
			);
			runOnlyForDeploymentPostprocessing = 0;
		};
		F10B091218A118E200B049EB /* Resources */ = {
			isa = PBXResourcesBuildPhase;
			buildActionMask = 2147483647;
			files = (
				F10B092018A118E200B049EB /* InfoPlist.strings in Resources */,
			);
			runOnlyForDeploymentPostprocessing = 0;
		};
/* End PBXResourcesBuildPhase section */

/* Begin PBXSourcesBuildPhase section */
		F10B08EF18A118E200B049EB /* Sources */ = {
			isa = PBXSourcesBuildPhase;
			buildActionMask = 2147483647;
			files = (
				F10B090D18A118E200B049EB /* ViewController.m in Sources */,
				F10B090718A118E200B049EB /* AppDelegate.m in Sources */,
				F10B090318A118E200B049EB /* main.m in Sources */,
			);
			runOnlyForDeploymentPostprocessing = 0;
		};
		F10B091018A118E200B049EB /* Sources */ = {
			isa = PBXSourcesBuildPhase;
			buildActionMask = 2147483647;
			files = (
				F10B092218A118E200B049EB /* Happ_timeMeasureTests.m in Sources */,
			);
			runOnlyForDeploymentPostprocessing = 0;
		};
/* End PBXSourcesBuildPhase section */

/* Begin PBXTargetDependency section */
		F10B091A18A118E200B049EB /* PBXTargetDependency */ = {
			isa = PBXTargetDependency;
			target = F10B08F218A118E200B049EB /* Happ_timeMeasure */;
			targetProxy = F10B091918A118E200B049EB /* PBXContainerItemProxy */;
		};
/* End PBXTargetDependency section */

/* Begin PBXVariantGroup section */
		F10B08FF18A118E200B049EB /* InfoPlist.strings */ = {
			isa = PBXVariantGroup;
			children = (
				F10B090018A118E200B049EB /* en */,
			);
			name = InfoPlist.strings;
			sourceTree = "<group>";
		};
		F10B090818A118E200B049EB /* Main.storyboard */ = {
			isa = PBXVariantGroup;
			children = (
				F10B090918A118E200B049EB /* Base */,
			);
			name = Main.storyboard;
			sourceTree = "<group>";
		};
		F10B091E18A118E200B049EB /* InfoPlist.strings */ = {
			isa = PBXVariantGroup;
			children = (
				F10B091F18A118E200B049EB /* en */,
			);
			name = InfoPlist.strings;
			sourceTree = "<group>";
		};
/* End PBXVariantGroup section */

/* Begin XCBuildConfiguration section */
		F10B092318A118E200B049EB /* Debug */ = {
			isa = XCBuildConfiguration;
			buildSettings = {
				ALWAYS_SEARCH_USER_PATHS = NO;
				ARCHS = "$(ARCHS_STANDARD_INCLUDING_64_BIT)";
				CLANG_CXX_LANGUAGE_STANDARD = "gnu++0x";
				CLANG_CXX_LIBRARY = "libc++";
				CLANG_ENABLE_MODULES = YES;
				CLANG_ENABLE_OBJC_ARC = YES;
				CLANG_WARN_BOOL_CONVERSION = YES;
				CLANG_WARN_CONSTANT_CONVERSION = YES;
				CLANG_WARN_DIRECT_OBJC_ISA_USAGE = YES_ERROR;
				CLANG_WARN_EMPTY_BODY = YES;
				CLANG_WARN_ENUM_CONVERSION = YES;
				CLANG_WARN_INT_CONVERSION = YES;
				CLANG_WARN_OBJC_ROOT_CLASS = YES_ERROR;
				CLANG_WARN__DUPLICATE_METHOD_MATCH = YES;
				"CODE_SIGN_IDENTITY[sdk=iphoneos*]" = "iPhone Developer";
				COPY_PHASE_STRIP = NO;
				GCC_C_LANGUAGE_STANDARD = gnu99;
				GCC_DYNAMIC_NO_PIC = NO;
				GCC_OPTIMIZATION_LEVEL = 0;
				GCC_PREPROCESSOR_DEFINITIONS = (
					"DEBUG=1",
					"$(inherited)",
				);
				GCC_SYMBOLS_PRIVATE_EXTERN = NO;
				GCC_WARN_64_TO_32_BIT_CONVERSION = YES;
				GCC_WARN_ABOUT_RETURN_TYPE = YES_ERROR;
				GCC_WARN_UNDECLARED_SELECTOR = YES;
				GCC_WARN_UNINITIALIZED_AUTOS = YES;
				GCC_WARN_UNUSED_FUNCTION = YES;
				GCC_WARN_UNUSED_VARIABLE = YES;
				IPHONEOS_DEPLOYMENT_TARGET = 7.0;
				ONLY_ACTIVE_ARCH = YES;
				SDKROOT = iphoneos;
			};
			name = Debug;
		};
		F10B092418A118E200B049EB /* Release */ = {
			isa = XCBuildConfiguration;
			buildSettings = {
				ALWAYS_SEARCH_USER_PATHS = NO;
				ARCHS = "$(ARCHS_STANDARD_INCLUDING_64_BIT)";
				CLANG_CXX_LANGUAGE_STANDARD = "gnu++0x";
				CLANG_CXX_LIBRARY = "libc++";
				CLANG_ENABLE_MODULES = YES;
				CLANG_ENABLE_OBJC_ARC = YES;
				CLANG_WARN_BOOL_CONVERSION = YES;
				CLANG_WARN_CONSTANT_CONVERSION = YES;
				CLANG_WARN_DIRECT_OBJC_ISA_USAGE = YES_ERROR;
				CLANG_WARN_EMPTY_BODY = YES;
				CLANG_WARN_ENUM_CONVERSION = YES;
				CLANG_WARN_INT_CONVERSION = YES;
				CLANG_WARN_OBJC_ROOT_CLASS = YES_ERROR;
				CLANG_WARN__DUPLICATE_METHOD_MATCH = YES;
				"CODE_SIGN_IDENTITY[sdk=iphoneos*]" = "iPhone Developer";
				COPY_PHASE_STRIP = YES;
				ENABLE_NS_ASSERTIONS = NO;
				GCC_C_LANGUAGE_STANDARD = gnu99;
				GCC_WARN_64_TO_32_BIT_CONVERSION = YES;
				GCC_WARN_ABOUT_RETURN_TYPE = YES_ERROR;
				GCC_WARN_UNDECLARED_SELECTOR = YES;
				GCC_WARN_UNINITIALIZED_AUTOS = YES;
				GCC_WARN_UNUSED_FUNCTION = YES;
				GCC_WARN_UNUSED_VARIABLE = YES;
				IPHONEOS_DEPLOYMENT_TARGET = 7.0;
				SDKROOT = iphoneos;
				VALIDATE_PRODUCT = YES;
			};
			name = Release;
		};
		F10B092618A118E200B049EB /* Debug */ = {
			isa = XCBuildConfiguration;
			buildSettings = {
				ASSETCATALOG_COMPILER_APPICON_NAME = AppIcon;
				ASSETCATALOG_COMPILER_LAUNCHIMAGE_NAME = LaunchImage;
				GCC_PRECOMPILE_PREFIX_HEADER = YES;
				GCC_PREFIX_HEADER = "Happ_timeMeasure/Happ_timeMeasure-Prefix.pch";
				INFOPLIST_FILE = "Happ_timeMeasure/Happ_timeMeasure-Info.plist";
				PRODUCT_NAME = "$(TARGET_NAME)";
				WRAPPER_EXTENSION = app;
			};
			name = Debug;
		};
		F10B092718A118E200B049EB /* Release */ = {
			isa = XCBuildConfiguration;
			buildSettings = {
				ASSETCATALOG_COMPILER_APPICON_NAME = AppIcon;
				ASSETCATALOG_COMPILER_LAUNCHIMAGE_NAME = LaunchImage;
				GCC_PRECOMPILE_PREFIX_HEADER = YES;
				GCC_PREFIX_HEADER = "Happ_timeMeasure/Happ_timeMeasure-Prefix.pch";
				INFOPLIST_FILE = "Happ_timeMeasure/Happ_timeMeasure-Info.plist";
				PRODUCT_NAME = "$(TARGET_NAME)";
				WRAPPER_EXTENSION = app;
			};
			name = Release;
		};
		F10B092918A118E200B049EB /* Debug */ = {
			isa = XCBuildConfiguration;
			buildSettings = {
				ARCHS = "$(ARCHS_STANDARD_INCLUDING_64_BIT)";
				BUNDLE_LOADER = "$(BUILT_PRODUCTS_DIR)/Happ_timeMeasure.app/Happ_timeMeasure";
				FRAMEWORK_SEARCH_PATHS = (
					"$(SDKROOT)/Developer/Library/Frameworks",
					"$(inherited)",
					"$(DEVELOPER_FRAMEWORKS_DIR)",
				);
				GCC_PRECOMPILE_PREFIX_HEADER = YES;
				GCC_PREFIX_HEADER = "Happ_timeMeasure/Happ_timeMeasure-Prefix.pch";
				GCC_PREPROCESSOR_DEFINITIONS = (
					"DEBUG=1",
					"$(inherited)",
				);
				INFOPLIST_FILE = "Happ_timeMeasureTests/Happ_timeMeasureTests-Info.plist";
				PRODUCT_NAME = "$(TARGET_NAME)";
				TEST_HOST = "$(BUNDLE_LOADER)";
				WRAPPER_EXTENSION = xctest;
			};
			name = Debug;
		};
		F10B092A18A118E200B049EB /* Release */ = {
			isa = XCBuildConfiguration;
			buildSettings = {
				ARCHS = "$(ARCHS_STANDARD_INCLUDING_64_BIT)";
				BUNDLE_LOADER = "$(BUILT_PRODUCTS_DIR)/Happ_timeMeasure.app/Happ_timeMeasure";
				FRAMEWORK_SEARCH_PATHS = (
					"$(SDKROOT)/Developer/Library/Frameworks",
					"$(inherited)",
					"$(DEVELOPER_FRAMEWORKS_DIR)",
				);
				GCC_PRECOMPILE_PREFIX_HEADER = YES;
				GCC_PREFIX_HEADER = "Happ_timeMeasure/Happ_timeMeasure-Prefix.pch";
				INFOPLIST_FILE = "Happ_timeMeasureTests/Happ_timeMeasureTests-Info.plist";
				PRODUCT_NAME = "$(TARGET_NAME)";
				TEST_HOST = "$(BUNDLE_LOADER)";
				WRAPPER_EXTENSION = xctest;
			};
			name = Release;
		};
/* End XCBuildConfiguration section */

/* Begin XCConfigurationList section */
		F10B08EE18A118E100B049EB /* Build configuration list for PBXProject "Happ_timeMeasure" */ = {
			isa = XCConfigurationList;
			buildConfigurations = (
				F10B092318A118E200B049EB /* Debug */,
				F10B092418A118E200B049EB /* Release */,
			);
			defaultConfigurationIsVisible = 0;
			defaultConfigurationName = Release;
		};
		F10B092518A118E200B049EB /* Build configuration list for PBXNativeTarget "Happ_timeMeasure" */ = {
			isa = XCConfigurationList;
			buildConfigurations = (
				F10B092618A118E200B049EB /* Debug */,
				F10B092718A118E200B049EB /* Release */,
			);
			defaultConfigurationIsVisible = 0;
			defaultConfigurationName = Release;
		};
		F10B092818A118E200B049EB /* Build configuration list for PBXNativeTarget "Happ_timeMeasureTests" */ = {
			isa = XCConfigurationList;
			buildConfigurations = (
				F10B092918A118E200B049EB /* Debug */,
				F10B092A18A118E200B049EB /* Release */,
			);
			defaultConfigurationIsVisible = 0;
			defaultConfigurationName = Release;
		};
/* End XCConfigurationList section */
	};
	rootObject = F10B08EB18A118E100B049EB /* Project object */;
}
